PODS:
  - GCDWebServer (3.3.3):
    - GCDWebServer/Core (= 3.3.3)
  - GCDWebServer/Core (3.3.3)
  - Result (3.2.1)
  - Starscream (2.0.4)
  - SwiftyJSON (3.1.4)
  - Swinject (2.0.0)

DEPENDENCIES:
  - GCDWebServer
  - Result
  - Starscream (~> 2.0.3)
  - SwiftyJSON (~> 3.1.4)
  - Swinject (~> 2.0.0)

SPEC CHECKSUMS:
  GCDWebServer: 1c39a1f0763e4eb492bee021e4270fce097d3555
  Result: 2453a22e5c5b11c0c3a478736e82cd02f763b781
  Starscream: df5974ee928b157c8eda8af8de7c620276b7dfcc
  SwiftyJSON: c2842d878f95482ffceec5709abc3d05680c0220
  Swinject: 2e964a80d70ab09b3949c99032711f89147bfd60

PODFILE CHECKSUM: 200a18032bc2b0ce4bf5397380e5e676e54f09de

COCOAPODS: 1.2.0.beta.1
