// !$*UTF8*$!
{
	archiveVersion = 1;
	classes = {
	};
	objectVersion = 46;
	objects = {

/* Begin PBXBuildFile section */
		1052D4881E78345D008B22EE /* MainCoordinator.swift in Sources */ = {isa = PBXBuildFile; fileRef = 1052D4871E78345D008B22EE /* MainCoordinator.swift */; };
		1052D48A1E783467008B22EE /* Coordinator.swift in Sources */ = {isa = PBXBuildFile; fileRef = 1052D4891E783467008B22EE /* Coordinator.swift */; };
		1052D48D1E7834E5008B22EE /* Utils.swift in Sources */ = {isa = PBXBuildFile; fileRef = 1052D48C1E7834E5008B22EE /* Utils.swift */; };
		1053587E1E782B0700908B74 /* AppDelegate.swift in Sources */ = {isa = PBXBuildFile; fileRef = 1053587D1E782B0700908B74 /* AppDelegate.swift */; };
		105358851E782B0700908B74 /* Assets.xcassets in Resources */ = {isa = PBXBuildFile; fileRef = 105358841E782B0700908B74 /* Assets.xcassets */; };
		105358881E782B0700908B74 /* LaunchScreen.storyboard in Resources */ = {isa = PBXBuildFile; fileRef = 105358861E782B0700908B74 /* LaunchScreen.storyboard */; };
		105358921E782CB700908B74 /* MainViewController.swift in Sources */ = {isa = PBXBuildFile; fileRef = 105358901E782CB700908B74 /* MainViewController.swift */; };
		105358931E782CB700908B74 /* MainViewController.xib in Resources */ = {isa = PBXBuildFile; fileRef = 105358911E782CB700908B74 /* MainViewController.xib */; };
		105358961E782CE200908B74 /* QRCodeDisplayViewController.swift in Sources */ = {isa = PBXBuildFile; fileRef = 105358941E782CE200908B74 /* QRCodeDisplayViewController.swift */; };
		105358971E782CE200908B74 /* QRCodeDisplayViewController.xib in Resources */ = {isa = PBXBuildFile; fileRef = 105358951E782CE200908B74 /* QRCodeDisplayViewController.xib */; };
		1053589A1E782CEE00908B74 /* QRCodeScanViewController.swift in Sources */ = {isa = PBXBuildFile; fileRef = 105358981E782CEE00908B74 /* QRCodeScanViewController.swift */; };
		1053589B1E782CEE00908B74 /* QRCodeScanViewController.xib in Resources */ = {isa = PBXBuildFile; fileRef = 105358991E782CEE00908B74 /* QRCodeScanViewController.xib */; };
		10564A801E7ADCD500A9D02B /* Repository.swift in Sources */ = {isa = PBXBuildFile; fileRef = 10564A7F1E7ADCD500A9D02B /* Repository.swift */; };
		10897D8B1E795E5B002D4C74 /* SocketClientService.swift in Sources */ = {isa = PBXBuildFile; fileRef = 10897D8A1E795E5B002D4C74 /* SocketClientService.swift */; };
		10897D8F1E7962D3002D4C74 /* SocketClient.swift in Sources */ = {isa = PBXBuildFile; fileRef = 10897D8E1E7962D3002D4C74 /* SocketClient.swift */; };
		10897D9F1E796B20002D4C74 /* URLHelpersTests.swift in Sources */ = {isa = PBXBuildFile; fileRef = 10897D9E1E796B20002D4C74 /* URLHelpersTests.swift */; };
		10897DA11E796B4D002D4C74 /* URL+Helpers.swift in Sources */ = {isa = PBXBuildFile; fileRef = 10897DA01E796B4D002D4C74 /* URL+Helpers.swift */; };
		10897DA31E796E3F002D4C74 /* NSError+Errors.swift in Sources */ = {isa = PBXBuildFile; fileRef = 10897DA21E796E3F002D4C74 /* NSError+Errors.swift */; };
		10897DA51E79765C002D4C74 /* Closures.swift in Sources */ = {isa = PBXBuildFile; fileRef = 10897DA41E79765C002D4C74 /* Closures.swift */; };
		10897DA71E7999A9002D4C74 /* QRScannerService.swift in Sources */ = {isa = PBXBuildFile; fileRef = 10897DA61E7999A9002D4C74 /* QRScannerService.swift */; };
		10897DA91E7999B5002D4C74 /* QRScanner.swift in Sources */ = {isa = PBXBuildFile; fileRef = 10897DA81E7999B5002D4C74 /* QRScanner.swift */; };
		10FFD36A1E7A82A9003EEBCD /* QRDisplayService.swift in Sources */ = {isa = PBXBuildFile; fileRef = 10FFD3691E7A82A9003EEBCD /* QRDisplayService.swift */; };
		10FFD36C1E7A8384003EEBCD /* QRDisplay.swift in Sources */ = {isa = PBXBuildFile; fileRef = 10FFD36B1E7A8384003EEBCD /* QRDisplay.swift */; };
		10FFD36E1E7A8B89003EEBCD /* BaseViewController.swift in Sources */ = {isa = PBXBuildFile; fileRef = 10FFD36D1E7A8B89003EEBCD /* BaseViewController.swift */; };
		10FFD3711E7A8BD6003EEBCD /* Router.swift in Sources */ = {isa = PBXBuildFile; fileRef = 10FFD3701E7A8BD6003EEBCD /* Router.swift */; };
		C1F58269AA86D5878A85A1BA /* Pods_CLPBRD.framework in Frameworks */ = {isa = PBXBuildFile; fileRef = 252F2C9F91B28DA3F225C625 /* Pods_CLPBRD.framework */; };
/* End PBXBuildFile section */

/* Begin PBXContainerItemProxy section */
		10897D991E796AE9002D4C74 /* PBXContainerItemProxy */ = {
			isa = PBXContainerItemProxy;
			containerPortal = 105358721E782B0700908B74 /* Project object */;
			proxyType = 1;
			remoteGlobalIDString = 105358791E782B0700908B74;
			remoteInfo = CLPBRD;
		};
/* End PBXContainerItemProxy section */

/* Begin PBXFileReference section */
		1052D4871E78345D008B22EE /* MainCoordinator.swift */ = {isa = PBXFileReference; fileEncoding = 4; lastKnownFileType = sourcecode.swift; path = MainCoordinator.swift; sourceTree = "<group>"; };
		1052D4891E783467008B22EE /* Coordinator.swift */ = {isa = PBXFileReference; fileEncoding = 4; lastKnownFileType = sourcecode.swift; path = Coordinator.swift; sourceTree = "<group>"; };
		1052D48C1E7834E5008B22EE /* Utils.swift */ = {isa = PBXFileReference; fileEncoding = 4; lastKnownFileType = sourcecode.swift; path = Utils.swift; sourceTree = "<group>"; };
		1053587A1E782B0700908B74 /* CLPBRD.app */ = {isa = PBXFileReference; explicitFileType = wrapper.application; includeInIndex = 0; path = CLPBRD.app; sourceTree = BUILT_PRODUCTS_DIR; };
		1053587D1E782B0700908B74 /* AppDelegate.swift */ = {isa = PBXFileReference; lastKnownFileType = sourcecode.swift; path = AppDelegate.swift; sourceTree = "<group>"; };
		105358841E782B0700908B74 /* Assets.xcassets */ = {isa = PBXFileReference; lastKnownFileType = folder.assetcatalog; path = Assets.xcassets; sourceTree = "<group>"; };
		105358871E782B0700908B74 /* Base */ = {isa = PBXFileReference; lastKnownFileType = file.storyboard; name = Base; path = Base.lproj/LaunchScreen.storyboard; sourceTree = "<group>"; };
		105358891E782B0700908B74 /* Info.plist */ = {isa = PBXFileReference; lastKnownFileType = text.plist.xml; path = Info.plist; sourceTree = "<group>"; };
		105358901E782CB700908B74 /* MainViewController.swift */ = {isa = PBXFileReference; fileEncoding = 4; lastKnownFileType = sourcecode.swift; path = MainViewController.swift; sourceTree = "<group>"; };
		105358911E782CB700908B74 /* MainViewController.xib */ = {isa = PBXFileReference; fileEncoding = 4; lastKnownFileType = file.xib; path = MainViewController.xib; sourceTree = "<group>"; };
		105358941E782CE200908B74 /* QRCodeDisplayViewController.swift */ = {isa = PBXFileReference; fileEncoding = 4; lastKnownFileType = sourcecode.swift; path = QRCodeDisplayViewController.swift; sourceTree = "<group>"; };
		105358951E782CE200908B74 /* QRCodeDisplayViewController.xib */ = {isa = PBXFileReference; fileEncoding = 4; lastKnownFileType = file.xib; path = QRCodeDisplayViewController.xib; sourceTree = "<group>"; };
		105358981E782CEE00908B74 /* QRCodeScanViewController.swift */ = {isa = PBXFileReference; fileEncoding = 4; lastKnownFileType = sourcecode.swift; path = QRCodeScanViewController.swift; sourceTree = "<group>"; };
		105358991E782CEE00908B74 /* QRCodeScanViewController.xib */ = {isa = PBXFileReference; fileEncoding = 4; lastKnownFileType = file.xib; path = QRCodeScanViewController.xib; sourceTree = "<group>"; };
		10564A7F1E7ADCD500A9D02B /* Repository.swift */ = {isa = PBXFileReference; fileEncoding = 4; lastKnownFileType = sourcecode.swift; path = Repository.swift; sourceTree = "<group>"; };
		10897D8A1E795E5B002D4C74 /* SocketClientService.swift */ = {isa = PBXFileReference; fileEncoding = 4; lastKnownFileType = sourcecode.swift; path = SocketClientService.swift; sourceTree = "<group>"; };
		10897D8E1E7962D3002D4C74 /* SocketClient.swift */ = {isa = PBXFileReference; fileEncoding = 4; lastKnownFileType = sourcecode.swift; path = SocketClient.swift; sourceTree = "<group>"; };
		10897D941E796AE9002D4C74 /* CLPBRDTests.xctest */ = {isa = PBXFileReference; explicitFileType = wrapper.cfbundle; includeInIndex = 0; path = CLPBRDTests.xctest; sourceTree = BUILT_PRODUCTS_DIR; };
		10897D981E796AE9002D4C74 /* Info.plist */ = {isa = PBXFileReference; lastKnownFileType = text.plist.xml; path = Info.plist; sourceTree = "<group>"; };
		10897D9E1E796B20002D4C74 /* URLHelpersTests.swift */ = {isa = PBXFileReference; fileEncoding = 4; lastKnownFileType = sourcecode.swift; path = URLHelpersTests.swift; sourceTree = "<group>"; };
		10897DA01E796B4D002D4C74 /* URL+Helpers.swift */ = {isa = PBXFileReference; fileEncoding = 4; lastKnownFileType = sourcecode.swift; path = "URL+Helpers.swift"; sourceTree = "<group>"; };
		10897DA21E796E3F002D4C74 /* NSError+Errors.swift */ = {isa = PBXFileReference; fileEncoding = 4; lastKnownFileType = sourcecode.swift; path = "NSError+Errors.swift"; sourceTree = "<group>"; };
		10897DA41E79765C002D4C74 /* Closures.swift */ = {isa = PBXFileReference; fileEncoding = 4; lastKnownFileType = sourcecode.swift; path = Closures.swift; sourceTree = "<group>"; };
		10897DA61E7999A9002D4C74 /* QRScannerService.swift */ = {isa = PBXFileReference; fileEncoding = 4; lastKnownFileType = sourcecode.swift; path = QRScannerService.swift; sourceTree = "<group>"; };
		10897DA81E7999B5002D4C74 /* QRScanner.swift */ = {isa = PBXFileReference; fileEncoding = 4; lastKnownFileType = sourcecode.swift; path = QRScanner.swift; sourceTree = "<group>"; };
		10FFD3691E7A82A9003EEBCD /* QRDisplayService.swift */ = {isa = PBXFileReference; fileEncoding = 4; lastKnownFileType = sourcecode.swift; path = QRDisplayService.swift; sourceTree = "<group>"; };
		10FFD36B1E7A8384003EEBCD /* QRDisplay.swift */ = {isa = PBXFileReference; fileEncoding = 4; lastKnownFileType = sourcecode.swift; path = QRDisplay.swift; sourceTree = "<group>"; };
		10FFD36D1E7A8B89003EEBCD /* BaseViewController.swift */ = {isa = PBXFileReference; fileEncoding = 4; lastKnownFileType = sourcecode.swift; path = BaseViewController.swift; sourceTree = "<group>"; };
		10FFD3701E7A8BD6003EEBCD /* Router.swift */ = {isa = PBXFileReference; fileEncoding = 4; lastKnownFileType = sourcecode.swift; path = Router.swift; sourceTree = "<group>"; };
		1918E0CF43F359538E369317 /* Pods-CLPBRD.release.xcconfig */ = {isa = PBXFileReference; includeInIndex = 1; lastKnownFileType = text.xcconfig; name = "Pods-CLPBRD.release.xcconfig"; path = "Pods/Target Support Files/Pods-CLPBRD/Pods-CLPBRD.release.xcconfig"; sourceTree = "<group>"; };
		252F2C9F91B28DA3F225C625 /* Pods_CLPBRD.framework */ = {isa = PBXFileReference; explicitFileType = wrapper.framework; includeInIndex = 0; path = Pods_CLPBRD.framework; sourceTree = BUILT_PRODUCTS_DIR; };
		9E3AF3898465611661472682 /* Pods-CLPBRD.debug.xcconfig */ = {isa = PBXFileReference; includeInIndex = 1; lastKnownFileType = text.xcconfig; name = "Pods-CLPBRD.debug.xcconfig"; path = "Pods/Target Support Files/Pods-CLPBRD/Pods-CLPBRD.debug.xcconfig"; sourceTree = "<group>"; };
/* End PBXFileReference section */

/* Begin PBXFrameworksBuildPhase section */
		105358771E782B0700908B74 /* Frameworks */ = {
			isa = PBXFrameworksBuildPhase;
			buildActionMask = 2147483647;
			files = (
				C1F58269AA86D5878A85A1BA /* Pods_CLPBRD.framework in Frameworks */,
			);
			runOnlyForDeploymentPostprocessing = 0;
		};
		10897D911E796AE9002D4C74 /* Frameworks */ = {
			isa = PBXFrameworksBuildPhase;
			buildActionMask = 2147483647;
			files = (
			);
			runOnlyForDeploymentPostprocessing = 0;
		};
/* End PBXFrameworksBuildPhase section */

/* Begin PBXGroup section */
		1052D4861E783436008B22EE /* Coordinators */ = {
			isa = PBXGroup;
			children = (
				1052D4891E783467008B22EE /* Coordinator.swift */,
				1052D4871E78345D008B22EE /* MainCoordinator.swift */,
			);
			path = Coordinators;
			sourceTree = "<group>";
		};
		1052D48B1E7834DA008B22EE /* Utils */ = {
			isa = PBXGroup;
			children = (
				10897DA41E79765C002D4C74 /* Closures.swift */,
				10897DA21E796E3F002D4C74 /* NSError+Errors.swift */,
				10897DA01E796B4D002D4C74 /* URL+Helpers.swift */,
				1052D48C1E7834E5008B22EE /* Utils.swift */,
			);
			path = Utils;
			sourceTree = "<group>";
		};
		105358711E782B0700908B74 = {
			isa = PBXGroup;
			children = (
				1053587C1E782B0700908B74 /* CLPBRD */,
				10897D951E796AE9002D4C74 /* CLPBRDTests */,
				6A4D699574C0710DEB194631 /* Frameworks */,
				22D3B5D2B7F7E2BE5890E97E /* Pods */,
				1053587B1E782B0700908B74 /* Products */,
			);
			sourceTree = "<group>";
		};
		1053587B1E782B0700908B74 /* Products */ = {
			isa = PBXGroup;
			children = (
				1053587A1E782B0700908B74 /* CLPBRD.app */,
				10897D941E796AE9002D4C74 /* CLPBRDTests.xctest */,
			);
			name = Products;
			sourceTree = "<group>";
		};
		1053587C1E782B0700908B74 /* CLPBRD */ = {
			isa = PBXGroup;
			children = (
				10564A7E1E7ADCC200A9D02B /* Repositories */,
				10FFD36F1E7A8BA2003EEBCD /* Router */,
				1052D4861E783436008B22EE /* Coordinators */,
				1053589C1E782DAD00908B74 /* Resources */,
				10897D891E795DFF002D4C74 /* Services */,
				1052D48B1E7834DA008B22EE /* Utils */,
				1053588F1E782C4D00908B74 /* ViewControllers */,
				1053587D1E782B0700908B74 /* AppDelegate.swift */,
			);
			path = CLPBRD;
			sourceTree = "<group>";
		};
		1053588F1E782C4D00908B74 /* ViewControllers */ = {
			isa = PBXGroup;
			children = (
				105358901E782CB700908B74 /* MainViewController.swift */,
				105358911E782CB700908B74 /* MainViewController.xib */,
				105358941E782CE200908B74 /* QRCodeDisplayViewController.swift */,
				105358951E782CE200908B74 /* QRCodeDisplayViewController.xib */,
				105358981E782CEE00908B74 /* QRCodeScanViewController.swift */,
				105358991E782CEE00908B74 /* QRCodeScanViewController.xib */,
				10FFD36D1E7A8B89003EEBCD /* BaseViewController.swift */,
			);
			path = ViewControllers;
			sourceTree = "<group>";
		};
		1053589C1E782DAD00908B74 /* Resources */ = {
			isa = PBXGroup;
			children = (
				105358841E782B0700908B74 /* Assets.xcassets */,
				105358891E782B0700908B74 /* Info.plist */,
				105358861E782B0700908B74 /* LaunchScreen.storyboard */,
			);
			path = Resources;
			sourceTree = "<group>";
		};
		10564A7E1E7ADCC200A9D02B /* Repositories */ = {
			isa = PBXGroup;
			children = (
				10564A7F1E7ADCD500A9D02B /* Repository.swift */,
			);
			name = Repositories;
			sourceTree = "<group>";
		};
		10897D891E795DFF002D4C74 /* Services */ = {
			isa = PBXGroup;
			children = (
				10897D8E1E7962D3002D4C74 /* SocketClient.swift */,
				10897D8A1E795E5B002D4C74 /* SocketClientService.swift */,
				10897DA61E7999A9002D4C74 /* QRScannerService.swift */,
				10897DA81E7999B5002D4C74 /* QRScanner.swift */,
				10FFD3691E7A82A9003EEBCD /* QRDisplayService.swift */,
				10FFD36B1E7A8384003EEBCD /* QRDisplay.swift */,
			);
			path = Services;
			sourceTree = "<group>";
		};
		10897D951E796AE9002D4C74 /* CLPBRDTests */ = {
			isa = PBXGroup;
			children = (
				10897D981E796AE9002D4C74 /* Info.plist */,
				10897D9E1E796B20002D4C74 /* URLHelpersTests.swift */,
			);
			path = CLPBRDTests;
			sourceTree = "<group>";
		};
		10FFD36F1E7A8BA2003EEBCD /* Router */ = {
			isa = PBXGroup;
			children = (
				10FFD3701E7A8BD6003EEBCD /* Router.swift */,
			);
			name = Router;
			sourceTree = "<group>";
		};
		22D3B5D2B7F7E2BE5890E97E /* Pods */ = {
			isa = PBXGroup;
			children = (
				9E3AF3898465611661472682 /* Pods-CLPBRD.debug.xcconfig */,
				1918E0CF43F359538E369317 /* Pods-CLPBRD.release.xcconfig */,
			);
			name = Pods;
			sourceTree = "<group>";
		};
		6A4D699574C0710DEB194631 /* Frameworks */ = {
			isa = PBXGroup;
			children = (
				252F2C9F91B28DA3F225C625 /* Pods_CLPBRD.framework */,
			);
			name = Frameworks;
			sourceTree = "<group>";
		};
/* End PBXGroup section */

/* Begin PBXNativeTarget section */
		105358791E782B0700908B74 /* CLPBRD */ = {
			isa = PBXNativeTarget;
			buildConfigurationList = 1053588C1E782B0700908B74 /* Build configuration list for PBXNativeTarget "CLPBRD" */;
			buildPhases = (
				34AF0FD9E892F453C7755BAC /* [CP] Check Pods Manifest.lock */,
				105358761E782B0700908B74 /* Sources */,
				105358771E782B0700908B74 /* Frameworks */,
				105358781E782B0700908B74 /* Resources */,
				F6AA3872AFA0292C18F3B79D /* [CP] Embed Pods Frameworks */,
				287C65E530813B4DACEE2D43 /* [CP] Copy Pods Resources */,
			);
			buildRules = (
			);
			dependencies = (
			);
			name = CLPBRD;
			productName = CLPBRD;
			productReference = 1053587A1E782B0700908B74 /* CLPBRD.app */;
			productType = "com.apple.product-type.application";
		};
		10897D931E796AE9002D4C74 /* CLPBRDTests */ = {
			isa = PBXNativeTarget;
			buildConfigurationList = 10897D9B1E796AE9002D4C74 /* Build configuration list for PBXNativeTarget "CLPBRDTests" */;
			buildPhases = (
				10897D901E796AE9002D4C74 /* Sources */,
				10897D911E796AE9002D4C74 /* Frameworks */,
				10897D921E796AE9002D4C74 /* Resources */,
			);
			buildRules = (
			);
			dependencies = (
				10897D9A1E796AE9002D4C74 /* PBXTargetDependency */,
			);
			name = CLPBRDTests;
			productName = CLPBRDTests;
			productReference = 10897D941E796AE9002D4C74 /* CLPBRDTests.xctest */;
			productType = "com.apple.product-type.bundle.unit-test";
		};
/* End PBXNativeTarget section */

/* Begin PBXProject section */
		105358721E782B0700908B74 /* Project object */ = {
			isa = PBXProject;
			attributes = {
				LastSwiftUpdateCheck = 0820;
				LastUpgradeCheck = 0820;
				ORGANIZATIONNAME = "Cayugasoft LLC";
				TargetAttributes = {
					105358791E782B0700908B74 = {
						CreatedOnToolsVersion = 8.2.1;
						DevelopmentTeam = 579QBLN47H;
						ProvisioningStyle = Automatic;
					};
					10897D931E796AE9002D4C74 = {
						CreatedOnToolsVersion = 8.2.1;
						DevelopmentTeam = 579QBLN47H;
						LastSwiftMigration = 0820;
						ProvisioningStyle = Automatic;
						TestTargetID = 105358791E782B0700908B74;
					};
				};
			};
			buildConfigurationList = 105358751E782B0700908B74 /* Build configuration list for PBXProject "CLPBRD" */;
			compatibilityVersion = "Xcode 3.2";
			developmentRegion = English;
			hasScannedForEncodings = 0;
			knownRegions = (
				en,
				Base,
			);
			mainGroup = 105358711E782B0700908B74;
			productRefGroup = 1053587B1E782B0700908B74 /* Products */;
			projectDirPath = "";
			projectRoot = "";
			targets = (
				105358791E782B0700908B74 /* CLPBRD */,
				10897D931E796AE9002D4C74 /* CLPBRDTests */,
			);
		};
/* End PBXProject section */

/* Begin PBXResourcesBuildPhase section */
		105358781E782B0700908B74 /* Resources */ = {
			isa = PBXResourcesBuildPhase;
			buildActionMask = 2147483647;
			files = (
				105358881E782B0700908B74 /* LaunchScreen.storyboard in Resources */,
				105358851E782B0700908B74 /* Assets.xcassets in Resources */,
				105358931E782CB700908B74 /* MainViewController.xib in Resources */,
				1053589B1E782CEE00908B74 /* QRCodeScanViewController.xib in Resources */,
				105358971E782CE200908B74 /* QRCodeDisplayViewController.xib in Resources */,
			);
			runOnlyForDeploymentPostprocessing = 0;
		};
		10897D921E796AE9002D4C74 /* Resources */ = {
			isa = PBXResourcesBuildPhase;
			buildActionMask = 2147483647;
			files = (
			);
			runOnlyForDeploymentPostprocessing = 0;
		};
/* End PBXResourcesBuildPhase section */

/* Begin PBXShellScriptBuildPhase section */
		287C65E530813B4DACEE2D43 /* [CP] Copy Pods Resources */ = {
			isa = PBXShellScriptBuildPhase;
			buildActionMask = 2147483647;
			files = (
			);
			inputPaths = (
			);
			name = "[CP] Copy Pods Resources";
			outputPaths = (
			);
			runOnlyForDeploymentPostprocessing = 0;
			shellPath = /bin/sh;
			shellScript = "\"${SRCROOT}/Pods/Target Support Files/Pods-CLPBRD/Pods-CLPBRD-resources.sh\"\n";
			showEnvVarsInLog = 0;
		};
		34AF0FD9E892F453C7755BAC /* [CP] Check Pods Manifest.lock */ = {
			isa = PBXShellScriptBuildPhase;
			buildActionMask = 2147483647;
			files = (
			);
			inputPaths = (
			);
			name = "[CP] Check Pods Manifest.lock";
			outputPaths = (
			);
			runOnlyForDeploymentPostprocessing = 0;
			shellPath = /bin/sh;
			shellScript = "diff \"${PODS_ROOT}/../Podfile.lock\" \"${PODS_ROOT}/Manifest.lock\" > /dev/null\nif [ $? != 0 ] ; then\n    # print error to STDERR\n    echo \"error: The sandbox is not in sync with the Podfile.lock. Run 'pod install' or update your CocoaPods installation.\" >&2\n    exit 1\nfi\n";
			showEnvVarsInLog = 0;
		};
		F6AA3872AFA0292C18F3B79D /* [CP] Embed Pods Frameworks */ = {
			isa = PBXShellScriptBuildPhase;
			buildActionMask = 2147483647;
			files = (
			);
			inputPaths = (
			);
			name = "[CP] Embed Pods Frameworks";
			outputPaths = (
			);
			runOnlyForDeploymentPostprocessing = 0;
			shellPath = /bin/sh;
			shellScript = "\"${SRCROOT}/Pods/Target Support Files/Pods-CLPBRD/Pods-CLPBRD-frameworks.sh\"\n";
			showEnvVarsInLog = 0;
		};
/* End PBXShellScriptBuildPhase section */

/* Begin PBXSourcesBuildPhase section */
		105358761E782B0700908B74 /* Sources */ = {
			isa = PBXSourcesBuildPhase;
			buildActionMask = 2147483647;
			files = (
				10897DA71E7999A9002D4C74 /* QRScannerService.swift in Sources */,
				1053587E1E782B0700908B74 /* AppDelegate.swift in Sources */,
				10897DA31E796E3F002D4C74 /* NSError+Errors.swift in Sources */,
				10FFD36C1E7A8384003EEBCD /* QRDisplay.swift in Sources */,
				10FFD3711E7A8BD6003EEBCD /* Router.swift in Sources */,
				105358961E782CE200908B74 /* QRCodeDisplayViewController.swift in Sources */,
				1052D48A1E783467008B22EE /* Coordinator.swift in Sources */,
				1052D48D1E7834E5008B22EE /* Utils.swift in Sources */,
				10FFD36E1E7A8B89003EEBCD /* BaseViewController.swift in Sources */,
				10897DA51E79765C002D4C74 /* Closures.swift in Sources */,
				10FFD36A1E7A82A9003EEBCD /* QRDisplayService.swift in Sources */,
				105358921E782CB700908B74 /* MainViewController.swift in Sources */,
				10897D8B1E795E5B002D4C74 /* SocketClientService.swift in Sources */,
				1052D4881E78345D008B22EE /* MainCoordinator.swift in Sources */,
				10897D8F1E7962D3002D4C74 /* SocketClient.swift in Sources */,
				10897DA91E7999B5002D4C74 /* QRScanner.swift in Sources */,
				10897DA11E796B4D002D4C74 /* URL+Helpers.swift in Sources */,
				1053589A1E782CEE00908B74 /* QRCodeScanViewController.swift in Sources */,
				10564A801E7ADCD500A9D02B /* Repository.swift in Sources */,
			);
			runOnlyForDeploymentPostprocessing = 0;
		};
		10897D901E796AE9002D4C74 /* Sources */ = {
			isa = PBXSourcesBuildPhase;
			buildActionMask = 2147483647;
			files = (
				10897D9F1E796B20002D4C74 /* URLHelpersTests.swift in Sources */,
			);
			runOnlyForDeploymentPostprocessing = 0;
		};
/* End PBXSourcesBuildPhase section */

/* Begin PBXTargetDependency section */
		10897D9A1E796AE9002D4C74 /* PBXTargetDependency */ = {
			isa = PBXTargetDependency;
			target = 105358791E782B0700908B74 /* CLPBRD */;
			targetProxy = 10897D991E796AE9002D4C74 /* PBXContainerItemProxy */;
		};
/* End PBXTargetDependency section */

/* Begin PBXVariantGroup section */
		105358861E782B0700908B74 /* LaunchScreen.storyboard */ = {
			isa = PBXVariantGroup;
			children = (
				105358871E782B0700908B74 /* Base */,
			);
			name = LaunchScreen.storyboard;
			path = .;
			sourceTree = "<group>";
		};
/* End PBXVariantGroup section */

/* Begin XCBuildConfiguration section */
		1053588A1E782B0700908B74 /* Debug */ = {
			isa = XCBuildConfiguration;
			buildSettings = {
				ALWAYS_SEARCH_USER_PATHS = NO;
				CLANG_ANALYZER_NONNULL = YES;
				CLANG_CXX_LANGUAGE_STANDARD = "gnu++0x";
				CLANG_CXX_LIBRARY = "libc++";
				CLANG_ENABLE_MODULES = YES;
				CLANG_ENABLE_OBJC_ARC = YES;
				CLANG_WARN_BOOL_CONVERSION = YES;
				CLANG_WARN_CONSTANT_CONVERSION = YES;
				CLANG_WARN_DIRECT_OBJC_ISA_USAGE = YES_ERROR;
				CLANG_WARN_DOCUMENTATION_COMMENTS = YES;
				CLANG_WARN_EMPTY_BODY = YES;
				CLANG_WARN_ENUM_CONVERSION = YES;
				CLANG_WARN_INFINITE_RECURSION = YES;
				CLANG_WARN_INT_CONVERSION = YES;
				CLANG_WARN_OBJC_ROOT_CLASS = YES_ERROR;
				CLANG_WARN_SUSPICIOUS_MOVE = YES;
				CLANG_WARN_UNREACHABLE_CODE = YES;
				CLANG_WARN__DUPLICATE_METHOD_MATCH = YES;
				"CODE_SIGN_IDENTITY[sdk=iphoneos*]" = "iPhone Developer";
				COPY_PHASE_STRIP = NO;
				DEBUG_INFORMATION_FORMAT = dwarf;
				ENABLE_STRICT_OBJC_MSGSEND = YES;
				ENABLE_TESTABILITY = YES;
				GCC_C_LANGUAGE_STANDARD = gnu99;
				GCC_DYNAMIC_NO_PIC = NO;
				GCC_NO_COMMON_BLOCKS = YES;
				GCC_OPTIMIZATION_LEVEL = 0;
				GCC_PREPROCESSOR_DEFINITIONS = (
					"DEBUG=1",
					"$(inherited)",
				);
				GCC_WARN_64_TO_32_BIT_CONVERSION = YES;
				GCC_WARN_ABOUT_RETURN_TYPE = YES_ERROR;
				GCC_WARN_UNDECLARED_SELECTOR = YES;
				GCC_WARN_UNINITIALIZED_AUTOS = YES_AGGRESSIVE;
				GCC_WARN_UNUSED_FUNCTION = YES;
				GCC_WARN_UNUSED_VARIABLE = YES;
				IPHONEOS_DEPLOYMENT_TARGET = 10.2;
				MTL_ENABLE_DEBUG_INFO = YES;
				ONLY_ACTIVE_ARCH = YES;
				SDKROOT = iphoneos;
				SWIFT_ACTIVE_COMPILATION_CONDITIONS = DEBUG;
				SWIFT_OPTIMIZATION_LEVEL = "-Onone";
				TARGETED_DEVICE_FAMILY = "1,2";
			};
			name = Debug;
		};
		1053588B1E782B0700908B74 /* Release */ = {
			isa = XCBuildConfiguration;
			buildSettings = {
				ALWAYS_SEARCH_USER_PATHS = NO;
				CLANG_ANALYZER_NONNULL = YES;
				CLANG_CXX_LANGUAGE_STANDARD = "gnu++0x";
				CLANG_CXX_LIBRARY = "libc++";
				CLANG_ENABLE_MODULES = YES;
				CLANG_ENABLE_OBJC_ARC = YES;
				CLANG_WARN_BOOL_CONVERSION = YES;
				CLANG_WARN_CONSTANT_CONVERSION = YES;
				CLANG_WARN_DIRECT_OBJC_ISA_USAGE = YES_ERROR;
				CLANG_WARN_DOCUMENTATION_COMMENTS = YES;
				CLANG_WARN_EMPTY_BODY = YES;
				CLANG_WARN_ENUM_CONVERSION = YES;
				CLANG_WARN_INFINITE_RECURSION = YES;
				CLANG_WARN_INT_CONVERSION = YES;
				CLANG_WARN_OBJC_ROOT_CLASS = YES_ERROR;
				CLANG_WARN_SUSPICIOUS_MOVE = YES;
				CLANG_WARN_UNREACHABLE_CODE = YES;
				CLANG_WARN__DUPLICATE_METHOD_MATCH = YES;
				"CODE_SIGN_IDENTITY[sdk=iphoneos*]" = "iPhone Developer";
				COPY_PHASE_STRIP = NO;
				DEBUG_INFORMATION_FORMAT = "dwarf-with-dsym";
				ENABLE_NS_ASSERTIONS = NO;
				ENABLE_STRICT_OBJC_MSGSEND = YES;
				GCC_C_LANGUAGE_STANDARD = gnu99;
				GCC_NO_COMMON_BLOCKS = YES;
				GCC_WARN_64_TO_32_BIT_CONVERSION = YES;
				GCC_WARN_ABOUT_RETURN_TYPE = YES_ERROR;
				GCC_WARN_UNDECLARED_SELECTOR = YES;
				GCC_WARN_UNINITIALIZED_AUTOS = YES_AGGRESSIVE;
				GCC_WARN_UNUSED_FUNCTION = YES;
				GCC_WARN_UNUSED_VARIABLE = YES;
				IPHONEOS_DEPLOYMENT_TARGET = 10.2;
				MTL_ENABLE_DEBUG_INFO = NO;
				SDKROOT = iphoneos;
				SWIFT_OPTIMIZATION_LEVEL = "-Owholemodule";
				TARGETED_DEVICE_FAMILY = "1,2";
				VALIDATE_PRODUCT = YES;
			};
			name = Release;
		};
		1053588D1E782B0700908B74 /* Debug */ = {
			isa = XCBuildConfiguration;
			baseConfigurationReference = 9E3AF3898465611661472682 /* Pods-CLPBRD.debug.xcconfig */;
			buildSettings = {
				ASSETCATALOG_COMPILER_APPICON_NAME = AppIcon;
				DEVELOPMENT_TEAM = 579QBLN47H;
				INFOPLIST_FILE = CLPBRD/Resources/Info.plist;
				LD_RUNPATH_SEARCH_PATHS = "$(inherited) @executable_path/Frameworks";
				PRODUCT_BUNDLE_IDENTIFIER = com.cayugasoft.CLPBRD;
				PRODUCT_NAME = "$(TARGET_NAME)";
				SWIFT_VERSION = 3.0;
				TARGETED_DEVICE_FAMILY = "1,2";
			};
			name = Debug;
		};
		1053588E1E782B0700908B74 /* Release */ = {
			isa = XCBuildConfiguration;
			baseConfigurationReference = 1918E0CF43F359538E369317 /* Pods-CLPBRD.release.xcconfig */;
			buildSettings = {
				ASSETCATALOG_COMPILER_APPICON_NAME = AppIcon;
				DEVELOPMENT_TEAM = 579QBLN47H;
				INFOPLIST_FILE = CLPBRD/Resources/Info.plist;
				LD_RUNPATH_SEARCH_PATHS = "$(inherited) @executable_path/Frameworks";
				PRODUCT_BUNDLE_IDENTIFIER = com.cayugasoft.CLPBRD;
				PRODUCT_NAME = "$(TARGET_NAME)";
				SWIFT_VERSION = 3.0;
				TARGETED_DEVICE_FAMILY = "1,2";
			};
			name = Release;
		};
		10897D9C1E796AE9002D4C74 /* Debug */ = {
			isa = XCBuildConfiguration;
			buildSettings = {
				BUNDLE_LOADER = "$(TEST_HOST)";
				CLANG_ENABLE_MODULES = YES;
				DEVELOPMENT_TEAM = 579QBLN47H;
				INFOPLIST_FILE = CLPBRDTests/Info.plist;
				LD_RUNPATH_SEARCH_PATHS = "$(inherited) @executable_path/Frameworks @loader_path/Frameworks";
				PRODUCT_BUNDLE_IDENTIFIER = com.cayugasoft.CLPBRDTests;
				PRODUCT_NAME = "$(TARGET_NAME)";
				SWIFT_OPTIMIZATION_LEVEL = "-Onone";
				SWIFT_VERSION = 3.0;
				TEST_HOST = "$(BUILT_PRODUCTS_DIR)/CLPBRD.app/CLPBRD";
			};
			name = Debug;
		};
		10897D9D1E796AE9002D4C74 /* Release */ = {
			isa = XCBuildConfiguration;
			buildSettings = {
				BUNDLE_LOADER = "$(TEST_HOST)";
				CLANG_ENABLE_MODULES = YES;
				DEVELOPMENT_TEAM = 579QBLN47H;
				INFOPLIST_FILE = CLPBRDTests/Info.plist;
				LD_RUNPATH_SEARCH_PATHS = "$(inherited) @executable_path/Frameworks @loader_path/Frameworks";
				PRODUCT_BUNDLE_IDENTIFIER = com.cayugasoft.CLPBRDTests;
				PRODUCT_NAME = "$(TARGET_NAME)";
				SWIFT_VERSION = 3.0;
				TEST_HOST = "$(BUILT_PRODUCTS_DIR)/CLPBRD.app/CLPBRD";
			};
			name = Release;
		};
/* End XCBuildConfiguration section */

/* Begin XCConfigurationList section */
		105358751E782B0700908B74 /* Build configuration list for PBXProject "CLPBRD" */ = {
			isa = XCConfigurationList;
			buildConfigurations = (
				1053588A1E782B0700908B74 /* Debug */,
				1053588B1E782B0700908B74 /* Release */,
			);
			defaultConfigurationIsVisible = 0;
			defaultConfigurationName = Release;
		};
		1053588C1E782B0700908B74 /* Build configuration list for PBXNativeTarget "CLPBRD" */ = {
			isa = XCConfigurationList;
			buildConfigurations = (
				1053588D1E782B0700908B74 /* Debug */,
				1053588E1E782B0700908B74 /* Release */,
			);
			defaultConfigurationIsVisible = 0;
			defaultConfigurationName = Release;
		};
		10897D9B1E796AE9002D4C74 /* Build configuration list for PBXNativeTarget "CLPBRDTests" */ = {
			isa = XCConfigurationList;
			buildConfigurations = (
				10897D9C1E796AE9002D4C74 /* Debug */,
				10897D9D1E796AE9002D4C74 /* Release */,
			);
			defaultConfigurationIsVisible = 0;
			defaultConfigurationName = Release;
		};
/* End XCConfigurationList section */
	};
	rootObject = 105358721E782B0700908B74 /* Project object */;
}
