// !$*UTF8*$!
{
	archiveVersion = 1;
	classes = {
	};
	objectVersion = 46;
	objects = {

/* Begin PBXBuildFile section */
		103618551E9BDF1100223B27 /* WebSocketServerService.swift in Sources */ = {isa = PBXBuildFile; fileRef = 103618531E9BDF1100223B27 /* WebSocketServerService.swift */; };
		103618561E9BDF1100223B27 /* SocketServer.swift in Sources */ = {isa = PBXBuildFile; fileRef = 103618541E9BDF1100223B27 /* SocketServer.swift */; };
		103618591E9BDF4D00223B27 /* HTTPServerService.swift in Sources */ = {isa = PBXBuildFile; fileRef = 103618581E9BDF4D00223B27 /* HTTPServerService.swift */; };
		1036185B1E9BDF5900223B27 /* HTTPServer.swift in Sources */ = {isa = PBXBuildFile; fileRef = 1036185A1E9BDF5900223B27 /* HTTPServer.swift */; };
		1036185D1E9BDF7C00223B27 /* ClientId.swift in Sources */ = {isa = PBXBuildFile; fileRef = 1036185C1E9BDF7C00223B27 /* ClientId.swift */; };
		1036185F1E9BEE4C00223B27 /* www in Resources */ = {isa = PBXBuildFile; fileRef = 1036185E1E9BEE4C00223B27 /* www */; };
		104EC00B1E829F8500C42D68 /* UIColor+Hex.swift in Sources */ = {isa = PBXBuildFile; fileRef = 104EC00A1E829F8500C42D68 /* UIColor+Hex.swift */; };
		104EC00E1E829FB700C42D68 /* Colors.swift in Sources */ = {isa = PBXBuildFile; fileRef = 104EC00D1E829FB700C42D68 /* Colors.swift */; };
		104EC0121E82A1E400C42D68 /* RoundButton.swift in Sources */ = {isa = PBXBuildFile; fileRef = 104EC0111E82A1E400C42D68 /* RoundButton.swift */; };
		104EC01B1E82B06400C42D68 /* buttons_expanded.path in Resources */ = {isa = PBXBuildFile; fileRef = 104EC01A1E82B06400C42D68 /* buttons_expanded.path */; };
		104EC01D1E82B0AF00C42D68 /* SVGPath.swift in Sources */ = {isa = PBXBuildFile; fileRef = 104EC01C1E82B0AF00C42D68 /* SVGPath.swift */; };
		104EC01F1E82B31500C42D68 /* buttons_collapsed.path in Resources */ = {isa = PBXBuildFile; fileRef = 104EC01E1E82B31500C42D68 /* buttons_collapsed.path */; };
		1052D48D1E7834E5008B22EE /* Utils.swift in Sources */ = {isa = PBXBuildFile; fileRef = 1052D48C1E7834E5008B22EE /* Utils.swift */; };
		1053587E1E782B0700908B74 /* AppDelegate.swift in Sources */ = {isa = PBXBuildFile; fileRef = 1053587D1E782B0700908B74 /* AppDelegate.swift */; };
		105358851E782B0700908B74 /* Assets.xcassets in Resources */ = {isa = PBXBuildFile; fileRef = 105358841E782B0700908B74 /* Assets.xcassets */; };
		105358881E782B0700908B74 /* LaunchScreen.storyboard in Resources */ = {isa = PBXBuildFile; fileRef = 105358861E782B0700908B74 /* LaunchScreen.storyboard */; };
		105358921E782CB700908B74 /* MainViewController.swift in Sources */ = {isa = PBXBuildFile; fileRef = 105358901E782CB700908B74 /* MainViewController.swift */; };
		105358931E782CB700908B74 /* MainViewController.xib in Resources */ = {isa = PBXBuildFile; fileRef = 105358911E782CB700908B74 /* MainViewController.xib */; };
		105358961E782CE200908B74 /* QRCodeDisplayViewController.swift in Sources */ = {isa = PBXBuildFile; fileRef = 105358941E782CE200908B74 /* QRCodeDisplayViewController.swift */; };
		105358971E782CE200908B74 /* QRCodeDisplayViewController.xib in Resources */ = {isa = PBXBuildFile; fileRef = 105358951E782CE200908B74 /* QRCodeDisplayViewController.xib */; };
		1053589A1E782CEE00908B74 /* QRCodeScanViewController.swift in Sources */ = {isa = PBXBuildFile; fileRef = 105358981E782CEE00908B74 /* QRCodeScanViewController.swift */; };
		1053589B1E782CEE00908B74 /* QRCodeScanViewController.xib in Resources */ = {isa = PBXBuildFile; fileRef = 105358991E782CEE00908B74 /* QRCodeScanViewController.xib */; };
		10564A821E7AF4F800A9D02B /* ClipboardProviderService.swift in Sources */ = {isa = PBXBuildFile; fileRef = 10564A811E7AF4F700A9D02B /* ClipboardProviderService.swift */; };
		10564A841E7AF56800A9D02B /* ClipboardProvider.swift in Sources */ = {isa = PBXBuildFile; fileRef = 10564A831E7AF56800A9D02B /* ClipboardProvider.swift */; };
		105875951E7C0DF2005AA724 /* AppStateService.swift in Sources */ = {isa = PBXBuildFile; fileRef = 105875941E7C0DF2005AA724 /* AppStateService.swift */; };
		105875971E7C1389005AA724 /* AppState.swift in Sources */ = {isa = PBXBuildFile; fileRef = 105875961E7C1389005AA724 /* AppState.swift */; };
		1058EE321E9F76FF00DAB3ED /* Notifications.swift in Sources */ = {isa = PBXBuildFile; fileRef = 1058EE311E9F76FF00DAB3ED /* Notifications.swift */; };
		106C86B01E94FDF5004107EE /* DeviceOrientationToVideoOrientation.swift in Sources */ = {isa = PBXBuildFile; fileRef = 106C86AF1E94FDF5004107EE /* DeviceOrientationToVideoOrientation.swift */; };
		106C86B21E950614004107EE /* CGRect+Center.swift in Sources */ = {isa = PBXBuildFile; fileRef = 106C86B11E950614004107EE /* CGRect+Center.swift */; };
		108563661E9CBE2F0031FD54 /* WebSocketConfigurationGenerator.swift in Sources */ = {isa = PBXBuildFile; fileRef = 108563651E9CBE2F0031FD54 /* WebSocketConfigurationGenerator.swift */; };
		108563681E9CC5890031FD54 /* ClipboardSyncServerService.swift in Sources */ = {isa = PBXBuildFile; fileRef = 108563671E9CC5890031FD54 /* ClipboardSyncServerService.swift */; };
		1085636B1E9CCBF90031FD54 /* SyncServer.swift in Sources */ = {isa = PBXBuildFile; fileRef = 1085636A1E9CCBF90031FD54 /* SyncServer.swift */; };
		1085636F1E9CCE5E0031FD54 /* SyncServerDebugViewController.swift in Sources */ = {isa = PBXBuildFile; fileRef = 1085636D1E9CCE5E0031FD54 /* SyncServerDebugViewController.swift */; };
		108563701E9CCE5E0031FD54 /* SyncServerDebugViewController.xib in Resources */ = {isa = PBXBuildFile; fileRef = 1085636E1E9CCE5E0031FD54 /* SyncServerDebugViewController.xib */; };
		108563731E9CDA880031FD54 /* Random.swift in Sources */ = {isa = PBXBuildFile; fileRef = 108563721E9CDA880031FD54 /* Random.swift */; };
		10875A5D1E9E480F00EDC0A2 /* ClipboardSyncClientService.swift in Sources */ = {isa = PBXBuildFile; fileRef = 10875A5C1E9E480F00EDC0A2 /* ClipboardSyncClientService.swift */; };
		10875A5F1E9E4A4900EDC0A2 /* SyncClient.swift in Sources */ = {isa = PBXBuildFile; fileRef = 10875A5E1E9E4A4900EDC0A2 /* SyncClient.swift */; };
		10875A631E9E4E6900EDC0A2 /* SyncClientDebugViewController.swift in Sources */ = {isa = PBXBuildFile; fileRef = 10875A611E9E4E6900EDC0A2 /* SyncClientDebugViewController.swift */; };
		10875A641E9E4E6900EDC0A2 /* SyncClientDebugViewController.xib in Resources */ = {isa = PBXBuildFile; fileRef = 10875A621E9E4E6900EDC0A2 /* SyncClientDebugViewController.xib */; };
		10875A661E9E863900EDC0A2 /* PocketSocketClient.swift in Sources */ = {isa = PBXBuildFile; fileRef = 10875A651E9E863900EDC0A2 /* PocketSocketClient.swift */; };
		10897D8B1E795E5B002D4C74 /* WebSocketClientService.swift in Sources */ = {isa = PBXBuildFile; fileRef = 10897D8A1E795E5B002D4C74 /* WebSocketClientService.swift */; };
		10897DA11E796B4D002D4C74 /* URL+Helpers.swift in Sources */ = {isa = PBXBuildFile; fileRef = 10897DA01E796B4D002D4C74 /* URL+Helpers.swift */; };
		10897DA31E796E3F002D4C74 /* NSError+Errors.swift in Sources */ = {isa = PBXBuildFile; fileRef = 10897DA21E796E3F002D4C74 /* NSError+Errors.swift */; };
		10897DA51E79765C002D4C74 /* Closures.swift in Sources */ = {isa = PBXBuildFile; fileRef = 10897DA41E79765C002D4C74 /* Closures.swift */; };
		10897DA71E7999A9002D4C74 /* QRScannerService.swift in Sources */ = {isa = PBXBuildFile; fileRef = 10897DA61E7999A9002D4C74 /* QRScannerService.swift */; };
		10897DA91E7999B5002D4C74 /* QRScanner.swift in Sources */ = {isa = PBXBuildFile; fileRef = 10897DA81E7999B5002D4C74 /* QRScanner.swift */; };
		108C67B81EA1035A004FA943 /* KaushanScript-Regular.ttf in Resources */ = {isa = PBXBuildFile; fileRef = 108C67B41EA10328004FA943 /* KaushanScript-Regular.ttf */; };
		108C67B91EA1035A004FA943 /* Parsek-Cyrillic.ttf in Resources */ = {isa = PBXBuildFile; fileRef = 108C67B51EA10328004FA943 /* Parsek-Cyrillic.ttf */; };
		108C67BA1EA1035A004FA943 /* Raleway-ExtraBold.ttf in Resources */ = {isa = PBXBuildFile; fileRef = 108C67B61EA10328004FA943 /* Raleway-ExtraBold.ttf */; };
		108C67BB1EA1035A004FA943 /* Ubuntu-R.ttf in Resources */ = {isa = PBXBuildFile; fileRef = 108C67B71EA10328004FA943 /* Ubuntu-R.ttf */; };
		108C67BD1EA103F6004FA943 /* Fonts.swift in Sources */ = {isa = PBXBuildFile; fileRef = 108C67BC1EA103F6004FA943 /* Fonts.swift */; };
		108D74A71E95313B000A09E5 /* DIContainer.swift in Sources */ = {isa = PBXBuildFile; fileRef = 108D74A61E95313B000A09E5 /* DIContainer.swift */; };
		108D74A91E95344D000A09E5 /* SVGHelpers.swift in Sources */ = {isa = PBXBuildFile; fileRef = 108D74A81E95344D000A09E5 /* SVGHelpers.swift */; };
		108E8AC51E800880005C990F /* NibLoading.swift in Sources */ = {isa = PBXBuildFile; fileRef = 108E8AC41E800880005C990F /* NibLoading.swift */; };
		108E8AC81E80142F005C990F /* IpAddress.swift in Sources */ = {isa = PBXBuildFile; fileRef = 108E8AC71E80142F005C990F /* IpAddress.swift */; };
		10A339711E9256B3004ECFCD /* ControlPanelViewController.swift in Sources */ = {isa = PBXBuildFile; fileRef = 10A3396F1E9256B3004ECFCD /* ControlPanelViewController.swift */; };
		10A339721E9256B3004ECFCD /* ControlPanelViewController.xib in Resources */ = {isa = PBXBuildFile; fileRef = 10A339701E9256B3004ECFCD /* ControlPanelViewController.xib */; };
		10B86F2C1EA61F810012BCC6 /* ButtonBackgroundView.swift in Sources */ = {isa = PBXBuildFile; fileRef = 10B86F2B1EA61F810012BCC6 /* ButtonBackgroundView.swift */; };
		10B86F2E1EA691CE0012BCC6 /* Delay.swift in Sources */ = {isa = PBXBuildFile; fileRef = 10B86F2D1EA691CE0012BCC6 /* Delay.swift */; };
		10B86F301EA6945B0012BCC6 /* ControlPanelViewController+State.swift in Sources */ = {isa = PBXBuildFile; fileRef = 10B86F2F1EA6945B0012BCC6 /* ControlPanelViewController+State.swift */; };
		10FFD36A1E7A82A9003EEBCD /* QRDisplayService.swift in Sources */ = {isa = PBXBuildFile; fileRef = 10FFD3691E7A82A9003EEBCD /* QRDisplayService.swift */; };
		10FFD36C1E7A8384003EEBCD /* QRDisplay.swift in Sources */ = {isa = PBXBuildFile; fileRef = 10FFD36B1E7A8384003EEBCD /* QRDisplay.swift */; };
		C1F58269AA86D5878A85A1BA /* Pods_CLPBRD.framework in Frameworks */ = {isa = PBXBuildFile; fileRef = 252F2C9F91B28DA3F225C625 /* Pods_CLPBRD.framework */; };
/* End PBXBuildFile section */

/* Begin PBXFileReference section */
		103618531E9BDF1100223B27 /* WebSocketServerService.swift */ = {isa = PBXFileReference; fileEncoding = 4; lastKnownFileType = sourcecode.swift; lineEnding = 0; path = WebSocketServerService.swift; sourceTree = "<group>"; xcLanguageSpecificationIdentifier = xcode.lang.swift; };
		103618541E9BDF1100223B27 /* SocketServer.swift */ = {isa = PBXFileReference; fileEncoding = 4; lastKnownFileType = sourcecode.swift; lineEnding = 0; path = SocketServer.swift; sourceTree = "<group>"; xcLanguageSpecificationIdentifier = xcode.lang.swift; };
		103618581E9BDF4D00223B27 /* HTTPServerService.swift */ = {isa = PBXFileReference; fileEncoding = 4; lastKnownFileType = sourcecode.swift; path = HTTPServerService.swift; sourceTree = "<group>"; };
		1036185A1E9BDF5900223B27 /* HTTPServer.swift */ = {isa = PBXFileReference; fileEncoding = 4; lastKnownFileType = sourcecode.swift; path = HTTPServer.swift; sourceTree = "<group>"; };
		1036185C1E9BDF7C00223B27 /* ClientId.swift */ = {isa = PBXFileReference; fileEncoding = 4; lastKnownFileType = sourcecode.swift; path = ClientId.swift; sourceTree = "<group>"; };
		1036185E1E9BEE4C00223B27 /* www */ = {isa = PBXFileReference; lastKnownFileType = folder; path = www; sourceTree = "<group>"; };
		104EC00A1E829F8500C42D68 /* UIColor+Hex.swift */ = {isa = PBXFileReference; fileEncoding = 4; lastKnownFileType = sourcecode.swift; path = "UIColor+Hex.swift"; sourceTree = "<group>"; };
		104EC00D1E829FB700C42D68 /* Colors.swift */ = {isa = PBXFileReference; fileEncoding = 4; lastKnownFileType = sourcecode.swift; lineEnding = 0; path = Colors.swift; sourceTree = "<group>"; xcLanguageSpecificationIdentifier = xcode.lang.swift; };
		104EC0111E82A1E400C42D68 /* RoundButton.swift */ = {isa = PBXFileReference; fileEncoding = 4; lastKnownFileType = sourcecode.swift; path = RoundButton.swift; sourceTree = "<group>"; };
		104EC01A1E82B06400C42D68 /* buttons_expanded.path */ = {isa = PBXFileReference; fileEncoding = 4; lastKnownFileType = text; path = buttons_expanded.path; sourceTree = "<group>"; };
		104EC01C1E82B0AF00C42D68 /* SVGPath.swift */ = {isa = PBXFileReference; fileEncoding = 4; lastKnownFileType = sourcecode.swift; path = SVGPath.swift; sourceTree = "<group>"; };
		104EC01E1E82B31500C42D68 /* buttons_collapsed.path */ = {isa = PBXFileReference; fileEncoding = 4; lastKnownFileType = text; path = buttons_collapsed.path; sourceTree = "<group>"; };
		1052D48C1E7834E5008B22EE /* Utils.swift */ = {isa = PBXFileReference; fileEncoding = 4; lastKnownFileType = sourcecode.swift; path = Utils.swift; sourceTree = "<group>"; };
		1053587A1E782B0700908B74 /* CLPBRD.app */ = {isa = PBXFileReference; explicitFileType = wrapper.application; includeInIndex = 0; path = CLPBRD.app; sourceTree = BUILT_PRODUCTS_DIR; };
		1053587D1E782B0700908B74 /* AppDelegate.swift */ = {isa = PBXFileReference; lastKnownFileType = sourcecode.swift; lineEnding = 0; path = AppDelegate.swift; sourceTree = "<group>"; xcLanguageSpecificationIdentifier = xcode.lang.swift; };
		105358841E782B0700908B74 /* Assets.xcassets */ = {isa = PBXFileReference; lastKnownFileType = folder.assetcatalog; path = Assets.xcassets; sourceTree = "<group>"; };
		105358871E782B0700908B74 /* Base */ = {isa = PBXFileReference; lastKnownFileType = file.storyboard; name = Base; path = Base.lproj/LaunchScreen.storyboard; sourceTree = "<group>"; };
		105358891E782B0700908B74 /* Info.plist */ = {isa = PBXFileReference; lastKnownFileType = text.plist.xml; path = Info.plist; sourceTree = "<group>"; };
		105358901E782CB700908B74 /* MainViewController.swift */ = {isa = PBXFileReference; fileEncoding = 4; lastKnownFileType = sourcecode.swift; lineEnding = 0; path = MainViewController.swift; sourceTree = "<group>"; xcLanguageSpecificationIdentifier = xcode.lang.swift; };
		105358911E782CB700908B74 /* MainViewController.xib */ = {isa = PBXFileReference; fileEncoding = 4; lastKnownFileType = file.xib; path = MainViewController.xib; sourceTree = "<group>"; };
		105358941E782CE200908B74 /* QRCodeDisplayViewController.swift */ = {isa = PBXFileReference; fileEncoding = 4; lastKnownFileType = sourcecode.swift; path = QRCodeDisplayViewController.swift; sourceTree = "<group>"; };
		105358951E782CE200908B74 /* QRCodeDisplayViewController.xib */ = {isa = PBXFileReference; fileEncoding = 4; lastKnownFileType = file.xib; path = QRCodeDisplayViewController.xib; sourceTree = "<group>"; };
		105358981E782CEE00908B74 /* QRCodeScanViewController.swift */ = {isa = PBXFileReference; fileEncoding = 4; lastKnownFileType = sourcecode.swift; path = QRCodeScanViewController.swift; sourceTree = "<group>"; };
		105358991E782CEE00908B74 /* QRCodeScanViewController.xib */ = {isa = PBXFileReference; fileEncoding = 4; lastKnownFileType = file.xib; path = QRCodeScanViewController.xib; sourceTree = "<group>"; };
		10564A811E7AF4F700A9D02B /* ClipboardProviderService.swift */ = {isa = PBXFileReference; fileEncoding = 4; lastKnownFileType = sourcecode.swift; lineEnding = 0; path = ClipboardProviderService.swift; sourceTree = "<group>"; xcLanguageSpecificationIdentifier = xcode.lang.swift; };
		10564A831E7AF56800A9D02B /* ClipboardProvider.swift */ = {isa = PBXFileReference; fileEncoding = 4; lastKnownFileType = sourcecode.swift; lineEnding = 0; path = ClipboardProvider.swift; sourceTree = "<group>"; xcLanguageSpecificationIdentifier = xcode.lang.swift; };
		105875941E7C0DF2005AA724 /* AppStateService.swift */ = {isa = PBXFileReference; fileEncoding = 4; lastKnownFileType = sourcecode.swift; lineEnding = 0; path = AppStateService.swift; sourceTree = "<group>"; xcLanguageSpecificationIdentifier = xcode.lang.swift; };
		105875961E7C1389005AA724 /* AppState.swift */ = {isa = PBXFileReference; fileEncoding = 4; lastKnownFileType = sourcecode.swift; lineEnding = 0; path = AppState.swift; sourceTree = "<group>"; xcLanguageSpecificationIdentifier = xcode.lang.swift; };
		1058EE311E9F76FF00DAB3ED /* Notifications.swift */ = {isa = PBXFileReference; fileEncoding = 4; lastKnownFileType = sourcecode.swift; path = Notifications.swift; sourceTree = "<group>"; };
		106C86AF1E94FDF5004107EE /* DeviceOrientationToVideoOrientation.swift */ = {isa = PBXFileReference; fileEncoding = 4; lastKnownFileType = sourcecode.swift; lineEnding = 0; path = DeviceOrientationToVideoOrientation.swift; sourceTree = "<group>"; xcLanguageSpecificationIdentifier = xcode.lang.swift; };
		106C86B11E950614004107EE /* CGRect+Center.swift */ = {isa = PBXFileReference; fileEncoding = 4; lastKnownFileType = sourcecode.swift; lineEnding = 0; path = "CGRect+Center.swift"; sourceTree = "<group>"; xcLanguageSpecificationIdentifier = xcode.lang.swift; };
		108563651E9CBE2F0031FD54 /* WebSocketConfigurationGenerator.swift */ = {isa = PBXFileReference; fileEncoding = 4; lastKnownFileType = sourcecode.swift; path = WebSocketConfigurationGenerator.swift; sourceTree = "<group>"; };
		108563671E9CC5890031FD54 /* ClipboardSyncServerService.swift */ = {isa = PBXFileReference; fileEncoding = 4; lastKnownFileType = sourcecode.swift; path = ClipboardSyncServerService.swift; sourceTree = "<group>"; };
		1085636A1E9CCBF90031FD54 /* SyncServer.swift */ = {isa = PBXFileReference; fileEncoding = 4; lastKnownFileType = sourcecode.swift; lineEnding = 0; path = SyncServer.swift; sourceTree = "<group>"; xcLanguageSpecificationIdentifier = xcode.lang.swift; };
		1085636D1E9CCE5E0031FD54 /* SyncServerDebugViewController.swift */ = {isa = PBXFileReference; fileEncoding = 4; lastKnownFileType = sourcecode.swift; path = SyncServerDebugViewController.swift; sourceTree = "<group>"; };
		1085636E1E9CCE5E0031FD54 /* SyncServerDebugViewController.xib */ = {isa = PBXFileReference; fileEncoding = 4; lastKnownFileType = file.xib; path = SyncServerDebugViewController.xib; sourceTree = "<group>"; };
		108563721E9CDA880031FD54 /* Random.swift */ = {isa = PBXFileReference; fileEncoding = 4; lastKnownFileType = sourcecode.swift; path = Random.swift; sourceTree = "<group>"; };
		10875A5C1E9E480F00EDC0A2 /* ClipboardSyncClientService.swift */ = {isa = PBXFileReference; fileEncoding = 4; lastKnownFileType = sourcecode.swift; path = ClipboardSyncClientService.swift; sourceTree = "<group>"; };
		10875A5E1E9E4A4900EDC0A2 /* SyncClient.swift */ = {isa = PBXFileReference; fileEncoding = 4; lastKnownFileType = sourcecode.swift; path = SyncClient.swift; sourceTree = "<group>"; };
		10875A611E9E4E6900EDC0A2 /* SyncClientDebugViewController.swift */ = {isa = PBXFileReference; fileEncoding = 4; lastKnownFileType = sourcecode.swift; path = SyncClientDebugViewController.swift; sourceTree = "<group>"; };
		10875A621E9E4E6900EDC0A2 /* SyncClientDebugViewController.xib */ = {isa = PBXFileReference; fileEncoding = 4; lastKnownFileType = file.xib; path = SyncClientDebugViewController.xib; sourceTree = "<group>"; };
		10875A651E9E863900EDC0A2 /* PocketSocketClient.swift */ = {isa = PBXFileReference; fileEncoding = 4; lastKnownFileType = sourcecode.swift; path = PocketSocketClient.swift; sourceTree = "<group>"; };
		10897D8A1E795E5B002D4C74 /* WebSocketClientService.swift */ = {isa = PBXFileReference; fileEncoding = 4; lastKnownFileType = sourcecode.swift; path = WebSocketClientService.swift; sourceTree = "<group>"; };
		10897DA01E796B4D002D4C74 /* URL+Helpers.swift */ = {isa = PBXFileReference; fileEncoding = 4; lastKnownFileType = sourcecode.swift; path = "URL+Helpers.swift"; sourceTree = "<group>"; };
		10897DA21E796E3F002D4C74 /* NSError+Errors.swift */ = {isa = PBXFileReference; fileEncoding = 4; lastKnownFileType = sourcecode.swift; lineEnding = 0; path = "NSError+Errors.swift"; sourceTree = "<group>"; xcLanguageSpecificationIdentifier = xcode.lang.swift; };
		10897DA41E79765C002D4C74 /* Closures.swift */ = {isa = PBXFileReference; fileEncoding = 4; lastKnownFileType = sourcecode.swift; lineEnding = 0; path = Closures.swift; sourceTree = "<group>"; xcLanguageSpecificationIdentifier = xcode.lang.swift; };
		10897DA61E7999A9002D4C74 /* QRScannerService.swift */ = {isa = PBXFileReference; fileEncoding = 4; lastKnownFileType = sourcecode.swift; path = QRScannerService.swift; sourceTree = "<group>"; };
		10897DA81E7999B5002D4C74 /* QRScanner.swift */ = {isa = PBXFileReference; fileEncoding = 4; lastKnownFileType = sourcecode.swift; path = QRScanner.swift; sourceTree = "<group>"; };
		108C67B41EA10328004FA943 /* KaushanScript-Regular.ttf */ = {isa = PBXFileReference; lastKnownFileType = file; path = "KaushanScript-Regular.ttf"; sourceTree = "<group>"; };
		108C67B51EA10328004FA943 /* Parsek-Cyrillic.ttf */ = {isa = PBXFileReference; lastKnownFileType = file; path = "Parsek-Cyrillic.ttf"; sourceTree = "<group>"; };
		108C67B61EA10328004FA943 /* Raleway-ExtraBold.ttf */ = {isa = PBXFileReference; lastKnownFileType = file; path = "Raleway-ExtraBold.ttf"; sourceTree = "<group>"; };
		108C67B71EA10328004FA943 /* Ubuntu-R.ttf */ = {isa = PBXFileReference; lastKnownFileType = file; path = "Ubuntu-R.ttf"; sourceTree = "<group>"; };
		108C67BC1EA103F6004FA943 /* Fonts.swift */ = {isa = PBXFileReference; fileEncoding = 4; lastKnownFileType = sourcecode.swift; path = Fonts.swift; sourceTree = "<group>"; };
		108D74A61E95313B000A09E5 /* DIContainer.swift */ = {isa = PBXFileReference; fileEncoding = 4; lastKnownFileType = sourcecode.swift; lineEnding = 0; path = DIContainer.swift; sourceTree = "<group>"; xcLanguageSpecificationIdentifier = xcode.lang.swift; };
		108D74A81E95344D000A09E5 /* SVGHelpers.swift */ = {isa = PBXFileReference; fileEncoding = 4; lastKnownFileType = sourcecode.swift; path = SVGHelpers.swift; sourceTree = "<group>"; };
		108E8AC41E800880005C990F /* NibLoading.swift */ = {isa = PBXFileReference; fileEncoding = 4; lastKnownFileType = sourcecode.swift; path = NibLoading.swift; sourceTree = "<group>"; };
		108E8AC61E8013A6005C990F /* BridgingHeader.h */ = {isa = PBXFileReference; lastKnownFileType = sourcecode.c.h; lineEnding = 0; path = BridgingHeader.h; sourceTree = "<group>"; xcLanguageSpecificationIdentifier = xcode.lang.objcpp; };
		108E8AC71E80142F005C990F /* IpAddress.swift */ = {isa = PBXFileReference; fileEncoding = 4; lastKnownFileType = sourcecode.swift; lineEnding = 0; path = IpAddress.swift; sourceTree = "<group>"; xcLanguageSpecificationIdentifier = xcode.lang.swift; };
		10A3396F1E9256B3004ECFCD /* ControlPanelViewController.swift */ = {isa = PBXFileReference; fileEncoding = 4; lastKnownFileType = sourcecode.swift; lineEnding = 0; path = ControlPanelViewController.swift; sourceTree = "<group>"; xcLanguageSpecificationIdentifier = xcode.lang.swift; };
		10A339701E9256B3004ECFCD /* ControlPanelViewController.xib */ = {isa = PBXFileReference; fileEncoding = 4; lastKnownFileType = file.xib; path = ControlPanelViewController.xib; sourceTree = "<group>"; };
		10B86F2B1EA61F810012BCC6 /* ButtonBackgroundView.swift */ = {isa = PBXFileReference; fileEncoding = 4; lastKnownFileType = sourcecode.swift; path = ButtonBackgroundView.swift; sourceTree = "<group>"; };
		10B86F2D1EA691CE0012BCC6 /* Delay.swift */ = {isa = PBXFileReference; fileEncoding = 4; lastKnownFileType = sourcecode.swift; path = Delay.swift; sourceTree = "<group>"; };
		10B86F2F1EA6945B0012BCC6 /* ControlPanelViewController+State.swift */ = {isa = PBXFileReference; fileEncoding = 4; lastKnownFileType = sourcecode.swift; path = "ControlPanelViewController+State.swift"; sourceTree = "<group>"; };
		10FFD3691E7A82A9003EEBCD /* QRDisplayService.swift */ = {isa = PBXFileReference; fileEncoding = 4; lastKnownFileType = sourcecode.swift; path = QRDisplayService.swift; sourceTree = "<group>"; };
		10FFD36B1E7A8384003EEBCD /* QRDisplay.swift */ = {isa = PBXFileReference; fileEncoding = 4; lastKnownFileType = sourcecode.swift; path = QRDisplay.swift; sourceTree = "<group>"; };
		1918E0CF43F359538E369317 /* Pods-CLPBRD.release.xcconfig */ = {isa = PBXFileReference; includeInIndex = 1; lastKnownFileType = text.xcconfig; name = "Pods-CLPBRD.release.xcconfig"; path = "Pods/Target Support Files/Pods-CLPBRD/Pods-CLPBRD.release.xcconfig"; sourceTree = "<group>"; };
		252F2C9F91B28DA3F225C625 /* Pods_CLPBRD.framework */ = {isa = PBXFileReference; explicitFileType = wrapper.framework; includeInIndex = 0; path = Pods_CLPBRD.framework; sourceTree = BUILT_PRODUCTS_DIR; };
		9E3AF3898465611661472682 /* Pods-CLPBRD.debug.xcconfig */ = {isa = PBXFileReference; includeInIndex = 1; lastKnownFileType = text.xcconfig; name = "Pods-CLPBRD.debug.xcconfig"; path = "Pods/Target Support Files/Pods-CLPBRD/Pods-CLPBRD.debug.xcconfig"; sourceTree = "<group>"; };
/* End PBXFileReference section */

/* Begin PBXFrameworksBuildPhase section */
		105358771E782B0700908B74 /* Frameworks */ = {
			isa = PBXFrameworksBuildPhase;
			buildActionMask = 2147483647;
			files = (
				C1F58269AA86D5878A85A1BA /* Pods_CLPBRD.framework in Frameworks */,
			);
			runOnlyForDeploymentPostprocessing = 0;
		};
/* End PBXFrameworksBuildPhase section */

/* Begin PBXGroup section */
		103618521E9BDF0000223B27 /* WebSocketServerService */ = {
			isa = PBXGroup;
			children = (
				1036185C1E9BDF7C00223B27 /* ClientId.swift */,
				103618541E9BDF1100223B27 /* SocketServer.swift */,
				103618531E9BDF1100223B27 /* WebSocketServerService.swift */,
			);
			path = WebSocketServerService;
			sourceTree = "<group>";
		};
		103618571E9BDF2A00223B27 /* HTTPServerService */ = {
			isa = PBXGroup;
			children = (
				1036185A1E9BDF5900223B27 /* HTTPServer.swift */,
				103618581E9BDF4D00223B27 /* HTTPServerService.swift */,
				108563651E9CBE2F0031FD54 /* WebSocketConfigurationGenerator.swift */,
			);
			path = HTTPServerService;
			sourceTree = "<group>";
		};
		104EC00C1E829FAC00C42D68 /* Styling */ = {
			isa = PBXGroup;
			children = (
				104EC00D1E829FB700C42D68 /* Colors.swift */,
				108C67BC1EA103F6004FA943 /* Fonts.swift */,
			);
			path = Styling;
			sourceTree = "<group>";
		};
		104EC0151E82ABD500C42D68 /* SVG */ = {
			isa = PBXGroup;
			children = (
				104EC01E1E82B31500C42D68 /* buttons_collapsed.path */,
				104EC01A1E82B06400C42D68 /* buttons_expanded.path */,
			);
			path = SVG;
			sourceTree = "<group>";
		};
		1052D48B1E7834DA008B22EE /* Utils */ = {
			isa = PBXGroup;
			children = (
				106C86B11E950614004107EE /* CGRect+Center.swift */,
				10897DA41E79765C002D4C74 /* Closures.swift */,
				106C86AF1E94FDF5004107EE /* DeviceOrientationToVideoOrientation.swift */,
				108E8AC71E80142F005C990F /* IpAddress.swift */,
				10897DA21E796E3F002D4C74 /* NSError+Errors.swift */,
				108E8AC41E800880005C990F /* NibLoading.swift */,
				108563721E9CDA880031FD54 /* Random.swift */,
				108D74A81E95344D000A09E5 /* SVGHelpers.swift */,
				104EC01C1E82B0AF00C42D68 /* SVGPath.swift */,
				104EC00A1E829F8500C42D68 /* UIColor+Hex.swift */,
				10897DA01E796B4D002D4C74 /* URL+Helpers.swift */,
				1052D48C1E7834E5008B22EE /* Utils.swift */,
				1058EE311E9F76FF00DAB3ED /* Notifications.swift */,
				10B86F2D1EA691CE0012BCC6 /* Delay.swift */,
			);
			path = Utils;
			sourceTree = "<group>";
		};
		105358711E782B0700908B74 = {
			isa = PBXGroup;
			children = (
				1053587C1E782B0700908B74 /* CLPBRD */,
				6A4D699574C0710DEB194631 /* Frameworks */,
				22D3B5D2B7F7E2BE5890E97E /* Pods */,
				1053587B1E782B0700908B74 /* Products */,
			);
			sourceTree = "<group>";
		};
		1053587B1E782B0700908B74 /* Products */ = {
			isa = PBXGroup;
			children = (
				1053587A1E782B0700908B74 /* CLPBRD.app */,
			);
			name = Products;
			sourceTree = "<group>";
		};
		1053587C1E782B0700908B74 /* CLPBRD */ = {
			isa = PBXGroup;
			children = (
				1053589C1E782DAD00908B74 /* Resources */,
				10897D891E795DFF002D4C74 /* Services */,
				104EC00C1E829FAC00C42D68 /* Styling */,
				1052D48B1E7834DA008B22EE /* Utils */,
				1053588F1E782C4D00908B74 /* ViewControllers */,
				108E8ABD1E80061B005C990F /* Views */,
				1053587D1E782B0700908B74 /* AppDelegate.swift */,
				108E8AC61E8013A6005C990F /* BridgingHeader.h */,
				108D74A61E95313B000A09E5 /* DIContainer.swift */,
				1036185E1E9BEE4C00223B27 /* www */,
			);
			path = CLPBRD;
			sourceTree = "<group>";
		};
		1053588F1E782C4D00908B74 /* ViewControllers */ = {
			isa = PBXGroup;
			children = (
				1085636C1E9CCE340031FD54 /* Debug */,
				108D74A21E952F52000A09E5 /* Main */,
				108D74A31E952F58000A09E5 /* QRCodeDisplay */,
				108D74A41E952F62000A09E5 /* QRCodeScan */,
			);
			path = ViewControllers;
			sourceTree = "<group>";
		};
		1053589C1E782DAD00908B74 /* Resources */ = {
			isa = PBXGroup;
			children = (
				108C67B31EA102F3004FA943 /* Fonts */,
				104EC0151E82ABD500C42D68 /* SVG */,
				105358841E782B0700908B74 /* Assets.xcassets */,
				105358891E782B0700908B74 /* Info.plist */,
				105358861E782B0700908B74 /* LaunchScreen.storyboard */,
			);
			path = Resources;
			sourceTree = "<group>";
		};
		108563691E9CCBE60031FD54 /* ClipboardSyncServerService */ = {
			isa = PBXGroup;
			children = (
				108563671E9CC5890031FD54 /* ClipboardSyncServerService.swift */,
				1085636A1E9CCBF90031FD54 /* SyncServer.swift */,
			);
			path = ClipboardSyncServerService;
			sourceTree = "<group>";
		};
		1085636C1E9CCE340031FD54 /* Debug */ = {
			isa = PBXGroup;
			children = (
				10875A601E9E4E5800EDC0A2 /* SyncClientDebugViewController */,
				108563711E9CCE640031FD54 /* SyncServerDebugViewController */,
			);
			path = Debug;
			sourceTree = "<group>";
		};
		108563711E9CCE640031FD54 /* SyncServerDebugViewController */ = {
			isa = PBXGroup;
			children = (
				1085636D1E9CCE5E0031FD54 /* SyncServerDebugViewController.swift */,
				1085636E1E9CCE5E0031FD54 /* SyncServerDebugViewController.xib */,
			);
			path = SyncServerDebugViewController;
			sourceTree = "<group>";
		};
		10875A5B1E9E47EE00EDC0A2 /* ClipboardSyncClientService */ = {
			isa = PBXGroup;
			children = (
				10875A5C1E9E480F00EDC0A2 /* ClipboardSyncClientService.swift */,
				10875A5E1E9E4A4900EDC0A2 /* SyncClient.swift */,
			);
			path = ClipboardSyncClientService;
			sourceTree = "<group>";
		};
		10875A601E9E4E5800EDC0A2 /* SyncClientDebugViewController */ = {
			isa = PBXGroup;
			children = (
				10875A611E9E4E6900EDC0A2 /* SyncClientDebugViewController.swift */,
				10875A621E9E4E6900EDC0A2 /* SyncClientDebugViewController.xib */,
			);
			path = SyncClientDebugViewController;
			sourceTree = "<group>";
		};
		10897D891E795DFF002D4C74 /* Services */ = {
			isa = PBXGroup;
			children = (
				108D749D1E952E92000A09E5 /* AppStateService */,
				108D749E1E952EA1000A09E5 /* ClipboardProviderService */,
				10875A5B1E9E47EE00EDC0A2 /* ClipboardSyncClientService */,
				108563691E9CCBE60031FD54 /* ClipboardSyncServerService */,
				103618571E9BDF2A00223B27 /* HTTPServerService */,
				108D749F1E952EBD000A09E5 /* QRDisplayService */,
				108D74A01E952EC6000A09E5 /* QRScannerService */,
				108D74A11E952ED1000A09E5 /* WebSocketClientService */,
				103618521E9BDF0000223B27 /* WebSocketServerService */,
			);
			path = Services;
			sourceTree = "<group>";
		};
		108C67B31EA102F3004FA943 /* Fonts */ = {
			isa = PBXGroup;
			children = (
				108C67B41EA10328004FA943 /* KaushanScript-Regular.ttf */,
				108C67B51EA10328004FA943 /* Parsek-Cyrillic.ttf */,
				108C67B61EA10328004FA943 /* Raleway-ExtraBold.ttf */,
				108C67B71EA10328004FA943 /* Ubuntu-R.ttf */,
			);
			name = Fonts;
			sourceTree = "<group>";
		};
		108D749D1E952E92000A09E5 /* AppStateService */ = {
			isa = PBXGroup;
			children = (
				105875961E7C1389005AA724 /* AppState.swift */,
				105875941E7C0DF2005AA724 /* AppStateService.swift */,
			);
			path = AppStateService;
			sourceTree = "<group>";
		};
		108D749E1E952EA1000A09E5 /* ClipboardProviderService */ = {
			isa = PBXGroup;
			children = (
				10564A831E7AF56800A9D02B /* ClipboardProvider.swift */,
				10564A811E7AF4F700A9D02B /* ClipboardProviderService.swift */,
			);
			path = ClipboardProviderService;
			sourceTree = "<group>";
		};
		108D749F1E952EBD000A09E5 /* QRDisplayService */ = {
			isa = PBXGroup;
			children = (
				10FFD36B1E7A8384003EEBCD /* QRDisplay.swift */,
				10FFD3691E7A82A9003EEBCD /* QRDisplayService.swift */,
			);
			path = QRDisplayService;
			sourceTree = "<group>";
		};
		108D74A01E952EC6000A09E5 /* QRScannerService */ = {
			isa = PBXGroup;
			children = (
				10897DA81E7999B5002D4C74 /* QRScanner.swift */,
				10897DA61E7999A9002D4C74 /* QRScannerService.swift */,
			);
			path = QRScannerService;
			sourceTree = "<group>";
		};
		108D74A11E952ED1000A09E5 /* WebSocketClientService */ = {
			isa = PBXGroup;
			children = (
				10897D8A1E795E5B002D4C74 /* WebSocketClientService.swift */,
				10875A651E9E863900EDC0A2 /* PocketSocketClient.swift */,
			);
			path = WebSocketClientService;
			sourceTree = "<group>";
		};
		108D74A21E952F52000A09E5 /* Main */ = {
			isa = PBXGroup;
			children = (
				108D74A51E952F6A000A09E5 /* ControlPanel */,
				105358901E782CB700908B74 /* MainViewController.swift */,
				105358911E782CB700908B74 /* MainViewController.xib */,
			);
			path = Main;
			sourceTree = "<group>";
		};
		108D74A31E952F58000A09E5 /* QRCodeDisplay */ = {
			isa = PBXGroup;
			children = (
				105358941E782CE200908B74 /* QRCodeDisplayViewController.swift */,
				105358951E782CE200908B74 /* QRCodeDisplayViewController.xib */,
			);
			path = QRCodeDisplay;
			sourceTree = "<group>";
		};
		108D74A41E952F62000A09E5 /* QRCodeScan */ = {
			isa = PBXGroup;
			children = (
				105358981E782CEE00908B74 /* QRCodeScanViewController.swift */,
				105358991E782CEE00908B74 /* QRCodeScanViewController.xib */,
			);
			path = QRCodeScan;
			sourceTree = "<group>";
		};
		108D74A51E952F6A000A09E5 /* ControlPanel */ = {
			isa = PBXGroup;
			children = (
				10A3396F1E9256B3004ECFCD /* ControlPanelViewController.swift */,
				10A339701E9256B3004ECFCD /* ControlPanelViewController.xib */,
				10B86F2F1EA6945B0012BCC6 /* ControlPanelViewController+State.swift */,
			);
			path = ControlPanel;
			sourceTree = "<group>";
		};
		108E8ABD1E80061B005C990F /* Views */ = {
			isa = PBXGroup;
			children = (
				104EC0111E82A1E400C42D68 /* RoundButton.swift */,
				10B86F2B1EA61F810012BCC6 /* ButtonBackgroundView.swift */,
			);
			path = Views;
			sourceTree = "<group>";
		};
		22D3B5D2B7F7E2BE5890E97E /* Pods */ = {
			isa = PBXGroup;
			children = (
				9E3AF3898465611661472682 /* Pods-CLPBRD.debug.xcconfig */,
				1918E0CF43F359538E369317 /* Pods-CLPBRD.release.xcconfig */,
			);
			name = Pods;
			sourceTree = "<group>";
		};
		6A4D699574C0710DEB194631 /* Frameworks */ = {
			isa = PBXGroup;
			children = (
				252F2C9F91B28DA3F225C625 /* Pods_CLPBRD.framework */,
			);
			name = Frameworks;
			sourceTree = "<group>";
		};
/* End PBXGroup section */

/* Begin PBXNativeTarget section */
		105358791E782B0700908B74 /* CLPBRD */ = {
			isa = PBXNativeTarget;
			buildConfigurationList = 1053588C1E782B0700908B74 /* Build configuration list for PBXNativeTarget "CLPBRD" */;
			buildPhases = (
				34AF0FD9E892F453C7755BAC /* [CP] Check Pods Manifest.lock */,
				105358761E782B0700908B74 /* Sources */,
				105358771E782B0700908B74 /* Frameworks */,
				105358781E782B0700908B74 /* Resources */,
				F6AA3872AFA0292C18F3B79D /* [CP] Embed Pods Frameworks */,
				287C65E530813B4DACEE2D43 /* [CP] Copy Pods Resources */,
			);
			buildRules = (
			);
			dependencies = (
			);
			name = CLPBRD;
			productName = CLPBRD;
			productReference = 1053587A1E782B0700908B74 /* CLPBRD.app */;
			productType = "com.apple.product-type.application";
		};
/* End PBXNativeTarget section */

/* Begin PBXProject section */
		105358721E782B0700908B74 /* Project object */ = {
			isa = PBXProject;
			attributes = {
				LastSwiftUpdateCheck = 0820;
				LastUpgradeCheck = 0820;
				ORGANIZATIONNAME = "Cayugasoft LLC";
				TargetAttributes = {
					105358791E782B0700908B74 = {
						CreatedOnToolsVersion = 8.2.1;
						DevelopmentTeam = 579QBLN47H;
						ProvisioningStyle = Automatic;
					};
				};
			};
			buildConfigurationList = 105358751E782B0700908B74 /* Build configuration list for PBXProject "CLPBRD" */;
			compatibilityVersion = "Xcode 3.2";
			developmentRegion = English;
			hasScannedForEncodings = 0;
			knownRegions = (
				en,
				Base,
			);
			mainGroup = 105358711E782B0700908B74;
			productRefGroup = 1053587B1E782B0700908B74 /* Products */;
			projectDirPath = "";
			projectRoot = "";
			targets = (
				105358791E782B0700908B74 /* CLPBRD */,
			);
		};
/* End PBXProject section */

/* Begin PBXResourcesBuildPhase section */
		105358781E782B0700908B74 /* Resources */ = {
			isa = PBXResourcesBuildPhase;
			buildActionMask = 2147483647;
			files = (
				108563701E9CCE5E0031FD54 /* SyncServerDebugViewController.xib in Resources */,
				1036185F1E9BEE4C00223B27 /* www in Resources */,
				105358881E782B0700908B74 /* LaunchScreen.storyboard in Resources */,
				105358851E782B0700908B74 /* Assets.xcassets in Resources */,
				105358931E782CB700908B74 /* MainViewController.xib in Resources */,
				104EC01F1E82B31500C42D68 /* buttons_collapsed.path in Resources */,
				108C67BB1EA1035A004FA943 /* Ubuntu-R.ttf in Resources */,
				108C67BA1EA1035A004FA943 /* Raleway-ExtraBold.ttf in Resources */,
				108C67B91EA1035A004FA943 /* Parsek-Cyrillic.ttf in Resources */,
				10875A641E9E4E6900EDC0A2 /* SyncClientDebugViewController.xib in Resources */,
				104EC01B1E82B06400C42D68 /* buttons_expanded.path in Resources */,
				108C67B81EA1035A004FA943 /* KaushanScript-Regular.ttf in Resources */,
				1053589B1E782CEE00908B74 /* QRCodeScanViewController.xib in Resources */,
				105358971E782CE200908B74 /* QRCodeDisplayViewController.xib in Resources */,
				10A339721E9256B3004ECFCD /* ControlPanelViewController.xib in Resources */,
			);
			runOnlyForDeploymentPostprocessing = 0;
		};
/* End PBXResourcesBuildPhase section */

/* Begin PBXShellScriptBuildPhase section */
		287C65E530813B4DACEE2D43 /* [CP] Copy Pods Resources */ = {
			isa = PBXShellScriptBuildPhase;
			buildActionMask = 2147483647;
			files = (
			);
			inputPaths = (
			);
			name = "[CP] Copy Pods Resources";
			outputPaths = (
			);
			runOnlyForDeploymentPostprocessing = 0;
			shellPath = /bin/sh;
			shellScript = "\"${SRCROOT}/Pods/Target Support Files/Pods-CLPBRD/Pods-CLPBRD-resources.sh\"\n";
			showEnvVarsInLog = 0;
		};
		34AF0FD9E892F453C7755BAC /* [CP] Check Pods Manifest.lock */ = {
			isa = PBXShellScriptBuildPhase;
			buildActionMask = 2147483647;
			files = (
			);
			inputPaths = (
			);
			name = "[CP] Check Pods Manifest.lock";
			outputPaths = (
			);
			runOnlyForDeploymentPostprocessing = 0;
			shellPath = /bin/sh;
			shellScript = "diff \"${PODS_ROOT}/../Podfile.lock\" \"${PODS_ROOT}/Manifest.lock\" > /dev/null\nif [ $? != 0 ] ; then\n    # print error to STDERR\n    echo \"error: The sandbox is not in sync with the Podfile.lock. Run 'pod install' or update your CocoaPods installation.\" >&2\n    exit 1\nfi\n";
			showEnvVarsInLog = 0;
		};
		F6AA3872AFA0292C18F3B79D /* [CP] Embed Pods Frameworks */ = {
			isa = PBXShellScriptBuildPhase;
			buildActionMask = 2147483647;
			files = (
			);
			inputPaths = (
			);
			name = "[CP] Embed Pods Frameworks";
			outputPaths = (
			);
			runOnlyForDeploymentPostprocessing = 0;
			shellPath = /bin/sh;
			shellScript = "\"${SRCROOT}/Pods/Target Support Files/Pods-CLPBRD/Pods-CLPBRD-frameworks.sh\"\n";
			showEnvVarsInLog = 0;
		};
/* End PBXShellScriptBuildPhase section */

/* Begin PBXSourcesBuildPhase section */
		105358761E782B0700908B74 /* Sources */ = {
			isa = PBXSourcesBuildPhase;
			buildActionMask = 2147483647;
			files = (
				108D74A71E95313B000A09E5 /* DIContainer.swift in Sources */,
				10564A841E7AF56800A9D02B /* ClipboardProvider.swift in Sources */,
				1058EE321E9F76FF00DAB3ED /* Notifications.swift in Sources */,
				108563731E9CDA880031FD54 /* Random.swift in Sources */,
				10897DA71E7999A9002D4C74 /* QRScannerService.swift in Sources */,
				1053587E1E782B0700908B74 /* AppDelegate.swift in Sources */,
				10897DA31E796E3F002D4C74 /* NSError+Errors.swift in Sources */,
				10FFD36C1E7A8384003EEBCD /* QRDisplay.swift in Sources */,
				108C67BD1EA103F6004FA943 /* Fonts.swift in Sources */,
				10564A821E7AF4F800A9D02B /* ClipboardProviderService.swift in Sources */,
				105358961E782CE200908B74 /* QRCodeDisplayViewController.swift in Sources */,
				106C86B01E94FDF5004107EE /* DeviceOrientationToVideoOrientation.swift in Sources */,
				1052D48D1E7834E5008B22EE /* Utils.swift in Sources */,
				108E8AC81E80142F005C990F /* IpAddress.swift in Sources */,
				1036185B1E9BDF5900223B27 /* HTTPServer.swift in Sources */,
				108563681E9CC5890031FD54 /* ClipboardSyncServerService.swift in Sources */,
				10B86F2C1EA61F810012BCC6 /* ButtonBackgroundView.swift in Sources */,
				10B86F301EA6945B0012BCC6 /* ControlPanelViewController+State.swift in Sources */,
				108E8AC51E800880005C990F /* NibLoading.swift in Sources */,
				108563661E9CBE2F0031FD54 /* WebSocketConfigurationGenerator.swift in Sources */,
				105875951E7C0DF2005AA724 /* AppStateService.swift in Sources */,
				10897DA51E79765C002D4C74 /* Closures.swift in Sources */,
				10FFD36A1E7A82A9003EEBCD /* QRDisplayService.swift in Sources */,
				103618551E9BDF1100223B27 /* WebSocketServerService.swift in Sources */,
				104EC00B1E829F8500C42D68 /* UIColor+Hex.swift in Sources */,
				1085636F1E9CCE5E0031FD54 /* SyncServerDebugViewController.swift in Sources */,
				104EC0121E82A1E400C42D68 /* RoundButton.swift in Sources */,
				106C86B21E950614004107EE /* CGRect+Center.swift in Sources */,
				105358921E782CB700908B74 /* MainViewController.swift in Sources */,
				10875A5F1E9E4A4900EDC0A2 /* SyncClient.swift in Sources */,
				103618561E9BDF1100223B27 /* SocketServer.swift in Sources */,
				105875971E7C1389005AA724 /* AppState.swift in Sources */,
				104EC01D1E82B0AF00C42D68 /* SVGPath.swift in Sources */,
				108D74A91E95344D000A09E5 /* SVGHelpers.swift in Sources */,
				1036185D1E9BDF7C00223B27 /* ClientId.swift in Sources */,
				1085636B1E9CCBF90031FD54 /* SyncServer.swift in Sources */,
				10897D8B1E795E5B002D4C74 /* WebSocketClientService.swift in Sources */,
				10875A5D1E9E480F00EDC0A2 /* ClipboardSyncClientService.swift in Sources */,
				10897DA91E7999B5002D4C74 /* QRScanner.swift in Sources */,
				103618591E9BDF4D00223B27 /* HTTPServerService.swift in Sources */,
				10897DA11E796B4D002D4C74 /* URL+Helpers.swift in Sources */,
				10875A661E9E863900EDC0A2 /* PocketSocketClient.swift in Sources */,
				104EC00E1E829FB700C42D68 /* Colors.swift in Sources */,
				10875A631E9E4E6900EDC0A2 /* SyncClientDebugViewController.swift in Sources */,
				1053589A1E782CEE00908B74 /* QRCodeScanViewController.swift in Sources */,
				10A339711E9256B3004ECFCD /* ControlPanelViewController.swift in Sources */,
				10B86F2E1EA691CE0012BCC6 /* Delay.swift in Sources */,
			);
			runOnlyForDeploymentPostprocessing = 0;
		};
/* End PBXSourcesBuildPhase section */

/* Begin PBXVariantGroup section */
		105358861E782B0700908B74 /* LaunchScreen.storyboard */ = {
			isa = PBXVariantGroup;
			children = (
				105358871E782B0700908B74 /* Base */,
			);
			name = LaunchScreen.storyboard;
			path = .;
			sourceTree = "<group>";
		};
/* End PBXVariantGroup section */

/* Begin XCBuildConfiguration section */
		1053588A1E782B0700908B74 /* Debug */ = {
			isa = XCBuildConfiguration;
			buildSettings = {
				ALWAYS_SEARCH_USER_PATHS = NO;
				CLANG_ANALYZER_NONNULL = YES;
				CLANG_CXX_LANGUAGE_STANDARD = "gnu++0x";
				CLANG_CXX_LIBRARY = "libc++";
				CLANG_ENABLE_MODULES = YES;
				CLANG_ENABLE_OBJC_ARC = YES;
				CLANG_WARN_BOOL_CONVERSION = YES;
				CLANG_WARN_CONSTANT_CONVERSION = YES;
				CLANG_WARN_DIRECT_OBJC_ISA_USAGE = YES_ERROR;
				CLANG_WARN_DOCUMENTATION_COMMENTS = YES;
				CLANG_WARN_EMPTY_BODY = YES;
				CLANG_WARN_ENUM_CONVERSION = YES;
				CLANG_WARN_INFINITE_RECURSION = YES;
				CLANG_WARN_INT_CONVERSION = YES;
				CLANG_WARN_OBJC_ROOT_CLASS = YES_ERROR;
				CLANG_WARN_SUSPICIOUS_MOVE = YES;
				CLANG_WARN_UNREACHABLE_CODE = YES;
				CLANG_WARN__DUPLICATE_METHOD_MATCH = YES;
				"CODE_SIGN_IDENTITY[sdk=iphoneos*]" = "iPhone Developer";
				COPY_PHASE_STRIP = NO;
				DEBUG_INFORMATION_FORMAT = dwarf;
				ENABLE_STRICT_OBJC_MSGSEND = YES;
				ENABLE_TESTABILITY = YES;
				GCC_C_LANGUAGE_STANDARD = gnu99;
				GCC_DYNAMIC_NO_PIC = NO;
				GCC_NO_COMMON_BLOCKS = YES;
				GCC_OPTIMIZATION_LEVEL = 0;
				GCC_PREPROCESSOR_DEFINITIONS = (
					"DEBUG=1",
					"$(inherited)",
				);
				GCC_WARN_64_TO_32_BIT_CONVERSION = YES;
				GCC_WARN_ABOUT_RETURN_TYPE = YES_ERROR;
				GCC_WARN_UNDECLARED_SELECTOR = YES;
				GCC_WARN_UNINITIALIZED_AUTOS = YES_AGGRESSIVE;
				GCC_WARN_UNUSED_FUNCTION = YES;
				GCC_WARN_UNUSED_VARIABLE = YES;
				IPHONEOS_DEPLOYMENT_TARGET = 10.2;
				MTL_ENABLE_DEBUG_INFO = YES;
				ONLY_ACTIVE_ARCH = YES;
				SDKROOT = iphoneos;
				SWIFT_ACTIVE_COMPILATION_CONDITIONS = DEBUG;
				SWIFT_OPTIMIZATION_LEVEL = "-Onone";
				TARGETED_DEVICE_FAMILY = "1,2";
			};
			name = Debug;
		};
		1053588B1E782B0700908B74 /* Release */ = {
			isa = XCBuildConfiguration;
			buildSettings = {
				ALWAYS_SEARCH_USER_PATHS = NO;
				CLANG_ANALYZER_NONNULL = YES;
				CLANG_CXX_LANGUAGE_STANDARD = "gnu++0x";
				CLANG_CXX_LIBRARY = "libc++";
				CLANG_ENABLE_MODULES = YES;
				CLANG_ENABLE_OBJC_ARC = YES;
				CLANG_WARN_BOOL_CONVERSION = YES;
				CLANG_WARN_CONSTANT_CONVERSION = YES;
				CLANG_WARN_DIRECT_OBJC_ISA_USAGE = YES_ERROR;
				CLANG_WARN_DOCUMENTATION_COMMENTS = YES;
				CLANG_WARN_EMPTY_BODY = YES;
				CLANG_WARN_ENUM_CONVERSION = YES;
				CLANG_WARN_INFINITE_RECURSION = YES;
				CLANG_WARN_INT_CONVERSION = YES;
				CLANG_WARN_OBJC_ROOT_CLASS = YES_ERROR;
				CLANG_WARN_SUSPICIOUS_MOVE = YES;
				CLANG_WARN_UNREACHABLE_CODE = YES;
				CLANG_WARN__DUPLICATE_METHOD_MATCH = YES;
				"CODE_SIGN_IDENTITY[sdk=iphoneos*]" = "iPhone Developer";
				COPY_PHASE_STRIP = NO;
				DEBUG_INFORMATION_FORMAT = "dwarf-with-dsym";
				ENABLE_NS_ASSERTIONS = NO;
				ENABLE_STRICT_OBJC_MSGSEND = YES;
				GCC_C_LANGUAGE_STANDARD = gnu99;
				GCC_NO_COMMON_BLOCKS = YES;
				GCC_WARN_64_TO_32_BIT_CONVERSION = YES;
				GCC_WARN_ABOUT_RETURN_TYPE = YES_ERROR;
				GCC_WARN_UNDECLARED_SELECTOR = YES;
				GCC_WARN_UNINITIALIZED_AUTOS = YES_AGGRESSIVE;
				GCC_WARN_UNUSED_FUNCTION = YES;
				GCC_WARN_UNUSED_VARIABLE = YES;
				IPHONEOS_DEPLOYMENT_TARGET = 10.2;
				MTL_ENABLE_DEBUG_INFO = NO;
				SDKROOT = iphoneos;
				SWIFT_OPTIMIZATION_LEVEL = "-Owholemodule";
				TARGETED_DEVICE_FAMILY = "1,2";
				VALIDATE_PRODUCT = YES;
			};
			name = Release;
		};
		1053588D1E782B0700908B74 /* Debug */ = {
			isa = XCBuildConfiguration;
			baseConfigurationReference = 9E3AF3898465611661472682 /* Pods-CLPBRD.debug.xcconfig */;
			buildSettings = {
				ASSETCATALOG_COMPILER_APPICON_NAME = AppIcon;
				DEVELOPMENT_TEAM = 579QBLN47H;
				INFOPLIST_FILE = CLPBRD/Resources/Info.plist;
				LD_RUNPATH_SEARCH_PATHS = "$(inherited) @executable_path/Frameworks";
				PRODUCT_BUNDLE_IDENTIFIER = com.cayugasoft.CLPBRD;
				PRODUCT_NAME = "$(TARGET_NAME)";
				SWIFT_OBJC_BRIDGING_HEADER = "$(PROJECT_DIR)/CLPBRD/BridgingHeader.h";
				SWIFT_VERSION = 3.0;
				TARGETED_DEVICE_FAMILY = 2;
			};
			name = Debug;
		};
		1053588E1E782B0700908B74 /* Release */ = {
			isa = XCBuildConfiguration;
			baseConfigurationReference = 1918E0CF43F359538E369317 /* Pods-CLPBRD.release.xcconfig */;
			buildSettings = {
				ASSETCATALOG_COMPILER_APPICON_NAME = AppIcon;
				DEVELOPMENT_TEAM = 579QBLN47H;
				INFOPLIST_FILE = CLPBRD/Resources/Info.plist;
				LD_RUNPATH_SEARCH_PATHS = "$(inherited) @executable_path/Frameworks";
				PRODUCT_BUNDLE_IDENTIFIER = com.cayugasoft.CLPBRD;
				PRODUCT_NAME = "$(TARGET_NAME)";
				SWIFT_OBJC_BRIDGING_HEADER = "$(PROJECT_DIR)/CLPBRD/BridgingHeader.h";
				SWIFT_VERSION = 3.0;
				TARGETED_DEVICE_FAMILY = 2;
			};
			name = Release;
		};
/* End XCBuildConfiguration section */

/* Begin XCConfigurationList section */
		105358751E782B0700908B74 /* Build configuration list for PBXProject "CLPBRD" */ = {
			isa = XCConfigurationList;
			buildConfigurations = (
				1053588A1E782B0700908B74 /* Debug */,
				1053588B1E782B0700908B74 /* Release */,
			);
			defaultConfigurationIsVisible = 0;
			defaultConfigurationName = Release;
		};
		1053588C1E782B0700908B74 /* Build configuration list for PBXNativeTarget "CLPBRD" */ = {
			isa = XCConfigurationList;
			buildConfigurations = (
				1053588D1E782B0700908B74 /* Debug */,
				1053588E1E782B0700908B74 /* Release */,
			);
			defaultConfigurationIsVisible = 0;
			defaultConfigurationName = Release;
		};
/* End XCConfigurationList section */
	};
	rootObject = 105358721E782B0700908B74 /* Project object */;
}
